
Microsoft Visual Studio Solution File, Format Version 12.00
# Visual Studio 15
VisualStudioVersion = 15.0.28010.2036
MinimumVisualStudioVersion = 10.0.40219.1
Project("{8BC9CEB8-8B4A-11D0-8D11-00A0C91BC942}") = "LeetCode-989-数组形式的整数加法", "LeetCode-989-数组形式的整数加法\LeetCode-989-数组形式的整数加法.vcxproj", "{FC33767A-F0F5-4B25-975E-E8280B92AE9A}"
EndProject
Project("{8BC9CEB8-8B4A-11D0-8D11-00A0C91BC942}") = "LeetCode-100-相同的树", "LeetCode-100-相同的树\LeetCode-100-相同的树.vcxproj", "{F5708810-E5AE-488D-8BF4-FAEF6F630CE1}"
EndProject
Project("{8BC9CEB8-8B4A-11D0-8D11-00A0C91BC942}") = "LeetCode-118-杨辉三角", "LeetCode-118-杨辉三角\LeetCode-118-杨辉三角.vcxproj", "{4BA41F17-6549-4DC7-AC72-862E963C2411}"
EndProject
Project("{8BC9CEB8-8B4A-11D0-8D11-00A0C91BC942}") = "LeetCode-119-杨辉三角II", "LeetCode-119-杨辉三角II\LeetCode-119-杨辉三角II.vcxproj", "{41D4E14C-FACF-4108-891E-E068189DCB7E}"
EndProject
Project("{8BC9CEB8-8B4A-11D0-8D11-00A0C91BC942}") = "LeetCode-121-买卖股票的最佳时机", "LeetCode-121-买卖股票的最佳时机\LeetCode-121-买卖股票的最佳时机.vcxproj", "{959A35A5-D0A0-418C-A4D7-81D40C44859A}"
EndProject
Project("{8BC9CEB8-8B4A-11D0-8D11-00A0C91BC942}") = "LeetCode-122-买卖股票的最佳时期II", "LeetCode-122-买卖股票的最佳时期II\LeetCode-122-买卖股票的最佳时期II.vcxproj", "{8D054254-A762-4220-9179-D3E2E5A22B21}"
EndProject
Project("{8BC9CEB8-8B4A-11D0-8D11-00A0C91BC942}") = "LeetCode-125-验证回文串", "LeetCode-125-验证回文串\LeetCode-125-验证回文串.vcxproj", "{40013EC0-B30A-438B-8BBB-9AEA13C53C65}"
EndProject
Project("{8BC9CEB8-8B4A-11D0-8D11-00A0C91BC942}") = "LeetCode-136-只出现一次的数字", "LeetCode-136-只出现一次的数字\LeetCode-136-只出现一次的数字.vcxproj", "{7B31A963-55A7-49CC-9816-9886EA9B204E}"
EndProject
Project("{8BC9CEB8-8B4A-11D0-8D11-00A0C91BC942}") = "LeetCode-141-环形链表", "LeetCode-141-环形链表\LeetCode-141-环形链表.vcxproj", "{BCD8BC92-CF42-42ED-83A6-2A0AC7DCB96B}"
EndProject
Project("{8BC9CEB8-8B4A-11D0-8D11-00A0C91BC942}") = "LeetCode-557-反转字符串中的单词III", "LeetCode-557-反转字符串中的单词III\LeetCode-557-反转字符串中的单词III.vcxproj", "{45B36537-5A05-4E68-9283-9B770691BE13}"
EndProject
Project("{8BC9CEB8-8B4A-11D0-8D11-00A0C91BC942}") = "LeetCode-055-跳跃游戏", "LeetCode-055-跳跃游戏\LeetCode-055-跳跃游戏.vcxproj", "{2A53C16C-0211-4532-838F-782D212E764D}"
EndProject
Project("{8BC9CEB8-8B4A-11D0-8D11-00A0C91BC942}") = "LeetCode-015-三数之和", "LeetCode-015-三数之和\LeetCode_ThreeSum.vcxproj", "{4E35693C-E009-4A3C-8D82-5DA06673320D}"
EndProject
Project("{8BC9CEB8-8B4A-11D0-8D11-00A0C91BC942}") = "LeetCode-016-最接近三数之和", "LeetCode-016-最接近的三数之和\LeetCode三数之和.vcxproj", "{6C76A878-2A80-48B1-8405-58AECC22CE05}"
EndProject
Project("{8BC9CEB8-8B4A-11D0-8D11-00A0C91BC942}") = "LeetCode-017-电话号码的字母组合", "LeetCode-017-电话号码的字母组合\ConsoleApplication4.vcxproj", "{ABE34C71-D43A-4F48-B43D-9074E36BDF6D}"
EndProject
Project("{8BC9CEB8-8B4A-11D0-8D11-00A0C91BC942}") = "LeetCode-018-四数之和", "LeetCode-018-四数之和\LeetCode四数之和.vcxproj", "{4E992B9D-FAFE-4C26-934C-BD8141BDB4E2}"
EndProject
Project("{8BC9CEB8-8B4A-11D0-8D11-00A0C91BC942}") = "LeetCode-019-删除链表的倒数第N个节点", "LeetCode-019-删除链表的倒数第N个节点\LeetCode删除链表的倒数第N个节点.vcxproj", "{CAFC2267-E348-43D8-BF6B-92844103AC66}"
EndProject
Project("{8BC9CEB8-8B4A-11D0-8D11-00A0C91BC942}") = "LeetCode-020-有效的括号", "LeetCode-020-有效的括号\LeetCode有效的括号.vcxproj", "{94220043-245E-4DA3-A228-6F9E414AEBEF}"
EndProject
Project("{8BC9CEB8-8B4A-11D0-8D11-00A0C91BC942}") = "LeetCode-022-括号生成", "LeetCode-022-括号生成\LeetCode括号生成.vcxproj", "{0B150FED-876A-4E97-BD27-D637C1CCD78B}"
EndProject
Project("{8BC9CEB8-8B4A-11D0-8D11-00A0C91BC942}") = "Leetcode-023-合并K个排序链表", "LeetCode-023-合并K个排序链表\合并K个排序链表.vcxproj", "{1CDE90C1-7F09-4C32-8567-53C1D4AA2882}"
EndProject
Project("{8BC9CEB8-8B4A-11D0-8D11-00A0C91BC942}") = "LeetCode-024-两两交换链表中的节点", "LeetCode-024-两两交换链表中的节点\LeetCode-24-两两交换链表中的节点.vcxproj", "{739DE533-ED77-4F21-9C7E-0867333B744B}"
EndProject
Project("{8BC9CEB8-8B4A-11D0-8D11-00A0C91BC942}") = "LeetCode-025-K个一组翻转链表", "LeetCode-025-K个一组翻转链表\K个一组翻转链表.vcxproj", "{7E564311-622F-4E7D-9EC1-88C03E6C00A2}"
EndProject
Project("{8BC9CEB8-8B4A-11D0-8D11-00A0C91BC942}") = "LeetCode-029-两数相除", "LeetCode-029-两数相除\LeetCode-29-两数相除.vcxproj", "{53665643-F431-4F91-9816-630A6F7CD03A}"
EndProject
Project("{8BC9CEB8-8B4A-11D0-8D11-00A0C91BC942}") = "LeetCode-030-串联所有单词的子串", "LeetCode-030-串联所有单词的子串\LeetCode-30-串联所有单词的子串.vcxproj", "{5C52B4EE-3EC1-4F36-9651-BA39AB6BE37A}"
EndProject
Project("{8BC9CEB8-8B4A-11D0-8D11-00A0C91BC942}") = "LeetCode-031-下一个排列", "LeetCode-031-下一个排列\LeetCode-31-下一个排列.vcxproj", "{BE18570E-D5D8-49B2-8079-4CAC37BCA124}"
EndProject
Project("{8BC9CEB8-8B4A-11D0-8D11-00A0C91BC942}") = "LeetCode-032-最长有效括号", "LeetCode-032-最长有效括号\LeetCode-32-最长有效括号.vcxproj", "{EB4FA752-E8A3-44E9-AA4D-C9DECCE4182D}"
EndProject
Project("{8BC9CEB8-8B4A-11D0-8D11-00A0C91BC942}") = "LeetCode-033-搜索旋转排序数组", "LeetCode-033-搜索旋转排序数组\LeetCode-33-搜索旋转排序数组.vcxproj", "{01ABBA40-B7F0-475A-A9F4-29944EE93332}"
EndProject
Project("{8BC9CEB8-8B4A-11D0-8D11-00A0C91BC942}") = "LeetCode-034-在排序数组中查找元素的第一个和最后一个位置", "LeetCode-034-在排序数组中查找元素的第一个和最后一个位置\LeetCode-34-在排序数组中查找元素的第一个和最后一个位置.vcxproj", "{DDAC1DCB-9AC1-4F3A-8B5C-C6B85C2FF1E1}"
EndProject
Project("{8BC9CEB8-8B4A-11D0-8D11-00A0C91BC942}") = "LeetCode-036-有效的数独", "LeetCode-036-有效的数独\LeetCode-36-有效的数独.vcxproj", "{A37639F2-9E49-433E-A2AC-BD3B7EA33D63}"
EndProject
Project("{8BC9CEB8-8B4A-11D0-8D11-00A0C91BC942}") = "LeetCode-039-组合总和", "LeetCode-039-组合总和\LeetCode-39-组合总和.vcxproj", "{62D7F95D-5C7E-45B1-8F71-D94CD65FF544}"
EndProject
Project("{8BC9CEB8-8B4A-11D0-8D11-00A0C91BC942}") = "LeetCode-040-组合总和II", "LeetCode-040-组合总和II\LeetCode-40-组合总和II.vcxproj", "{A2AD4264-23C6-4679-A1C9-E20B9FD335FB}"
EndProject
Project("{8BC9CEB8-8B4A-11D0-8D11-00A0C91BC942}") = "LeetCode-041-缺失的第一个正数", "LeetCode-041-缺失的第一个正数\LeetCode-41-缺失的第一个正数.vcxproj", "{30A178CF-F5B4-4605-880F-05CB6E29F925}"
EndProject
Project("{8BC9CEB8-8B4A-11D0-8D11-00A0C91BC942}") = "LeetCode-042-接雨水", "LeetCode-042-接雨水\LeetCode-42-接雨水.vcxproj", "{5AAD8875-66EC-400A-938B-F5A6C1EE8B1D}"
EndProject
Project("{8BC9CEB8-8B4A-11D0-8D11-00A0C91BC942}") = "LeetCode-043-字符串相乘", "LeetCode-043-字符串相乘\LeetCode-43-字符串相乘.vcxproj", "{525A0DC1-CE5D-4DCF-85EC-6BF1C106BD73}"
EndProject
Project("{8BC9CEB8-8B4A-11D0-8D11-00A0C91BC942}") = "LeetCode-050-Pow(x,n)", "LeetCode-050-Pow(x,n)\LeetCode-50-Pow(x,n).vcxproj", "{3C317C46-65EC-421E-913C-20DF562A9E10}"
EndProject
Project("{8BC9CEB8-8B4A-11D0-8D11-00A0C91BC942}") = "LeetCode-054-螺旋矩阵", "LeetCode-054-螺旋矩阵\LeetCode-54-螺旋矩阵.vcxproj", "{44B762DD-317C-4799-9485-BF4EF1258F65}"
EndProject
Project("{8BC9CEB8-8B4A-11D0-8D11-00A0C91BC942}") = "LeetCode-058-最后一个单词的长度", "LeetCode-058-最后一个单词的长度\LeetCode-58-最后一个单词的长度.vcxproj", "{001D8E03-1F67-4A3C-B909-2B0DD2E8D545}"
EndProject
Project("{8BC9CEB8-8B4A-11D0-8D11-00A0C91BC942}") = "LeetCode-062-不同路径", "LeetCode-062-不同路径\LeetCode-62-不同路径.vcxproj", "{0179940B-EABB-4D43-B7BB-7DCA2F291DB2}"
EndProject
Project("{8BC9CEB8-8B4A-11D0-8D11-00A0C91BC942}") = "LeetCode-066-加一", "LeetCode-066-加一\LeetCode-66-加一.vcxproj", "{63DE68C4-75A6-48EA-AA27-E81B4DE0767F}"
EndProject
Project("{8BC9CEB8-8B4A-11D0-8D11-00A0C91BC942}") = "LeetCode-067-二进制求和", "LeetCode-067-二进制求和\LeetCode-67-二进制求和.vcxproj", "{886BAC54-C5B2-48AD-A768-5FBDCF9D575D}"
EndProject
Project("{8BC9CEB8-8B4A-11D0-8D11-00A0C91BC942}") = "LeetCode-069-x的平方根", "LeetCode-069-x的平方根\LeetCode-69-x的平方根.vcxproj", "{8B7964CC-C754-4122-88ED-67D18AA68AC5}"
EndProject
Project("{8BC9CEB8-8B4A-11D0-8D11-00A0C91BC942}") = "LeetCode-070-爬楼梯", "LeetCode-070-爬楼梯\LeetCode-70-爬楼梯.vcxproj", "{B09F049B-553C-4993-AA67-938C030015BD}"
EndProject
Project("{8BC9CEB8-8B4A-11D0-8D11-00A0C91BC942}") = "LeetCode-083-删除排序链表中的重复元素", "LeetCode-083-删除排序链表中的重复元素\LeetCode-83-删除排序链表中的重复元素.vcxproj", "{7B8D5962-2408-4CE7-BB52-90D1B11AC74C}"
EndProject
Project("{8BC9CEB8-8B4A-11D0-8D11-00A0C91BC942}") = "LeetCode-088-合并两个有序数组", "LeetCode-088-合并两个有序数组\LeetCode-88-合并两个有序数组.vcxproj", "{96589082-D6B7-477F-BCF8-FD56B01422C7}"
EndProject
Project("{8BC9CEB8-8B4A-11D0-8D11-00A0C91BC942}") = "LeetCode-046-全排列", "LeetCode-046-全排列\LeetCode-046-全排列.vcxproj", "{933637B8-E97D-49F7-AE49-714B41A8A194}"
EndProject
Project("{8BC9CEB8-8B4A-11D0-8D11-00A0C91BC942}") = "LeetCode-344-反转字符串", "LeetCode-344-反转字符串\LeetCode-344-反转字符串.vcxproj", "{81AB5A11-4B78-4CA2-AFEF-1BF1315806DB}"
EndProject
Project("{8BC9CEB8-8B4A-11D0-8D11-00A0C91BC942}") = "LeetCode-292-Nim游戏", "LeetCode-292-Nim游戏\LeetCode-292-Nim游戏.vcxproj", "{386657C3-5CF0-4EBB-8C8C-7ABCE58F2B8A}"
EndProject
Project("{8BC9CEB8-8B4A-11D0-8D11-00A0C91BC942}") = "LeetCode-142-环形链表II", "LeetCode-142-环形链表II\LeetCode-142-环形链表II.vcxproj", "{F8F47907-3739-4A8D-9517-2193FF1B13B4}"
EndProject
Project("{8BC9CEB8-8B4A-11D0-8D11-00A0C91BC942}") = "LeetCode-155-最小栈", "LeetCode-155-最小栈\LeetCode-155-最小栈.vcxproj", "{83BCF770-0205-4A20-99F2-32A26962D2B2}"
EndProject
Project("{8BC9CEB8-8B4A-11D0-8D11-00A0C91BC942}") = "LeetCode-157-用read4读取N个字符", "LeetCode-157-用read4读取N个字符\LeetCode-157-用read4读取N个字符.vcxproj", "{828CA032-641A-4DCE-93C9-816AD646A8AD}"
EndProject
Project("{8BC9CEB8-8B4A-11D0-8D11-00A0C91BC942}") = "LeetCode-167-两数之和II-输入有序数组", "LeetCode-167-两数之和II-输入有序数组\LeetCode-167-两数之和II-输入有序数组.vcxproj", "{B3BF5E25-F2F5-40AA-85ED-1E8C65809ACD}"
EndProject
Project("{8BC9CEB8-8B4A-11D0-8D11-00A0C91BC942}") = "LeetCode-168-Excel表列名称", "LeetCode-168-Excel表列名称\LeetCode-168-Excel表列名称.vcxproj", "{53725E20-C3F6-4299-82D2-50B78CA27F1A}"
EndProject
Project("{8BC9CEB8-8B4A-11D0-8D11-00A0C91BC942}") = "LeetCode-169-求众数", "LeetCode-169-求众数\LeetCode-169-求众数.vcxproj", "{E5F68844-B375-46BF-B42E-D03471E639D8}"
EndProject
Project("{8BC9CEB8-8B4A-11D0-8D11-00A0C91BC942}") = "LeetCode-171-Excel表列序号", "LeetCode-171-Excel表列序号\LeetCode-171-Excel表列序号.vcxproj", "{1A6F6B9C-D93E-4ED0-8EF9-C37426F7D7E1}"
EndProject
Project("{8BC9CEB8-8B4A-11D0-8D11-00A0C91BC942}") = "LeetCode-172-阶乘后的零", "LeetCode-172-阶乘后的零\LeetCode-172-阶乘后的零.vcxproj", "{67BEC718-E46D-4D95-89CA-20E2312FE6D5}"
EndProject
Project("{8BC9CEB8-8B4A-11D0-8D11-00A0C91BC942}") = "LeetCode-189-旋转数组", "LeetCode-189-旋转数组\LeetCode-189-旋转数组.vcxproj", "{E6A51DFE-A292-4906-8497-67A26343AE88}"
EndProject
Project("{8BC9CEB8-8B4A-11D0-8D11-00A0C91BC942}") = "LeetCode-190-颠倒二进制位", "LeetCode-190-颠倒二进制位\LeetCode-190-颠倒二进制位.vcxproj", "{7FC032CD-7459-47D0-85DF-AC7F2D10B2C5}"
EndProject
Project("{8BC9CEB8-8B4A-11D0-8D11-00A0C91BC942}") = "LeetCode-191-位1的个数", "LeetCode-191-位1的个数\LeetCode-191-位1的个数.vcxproj", "{C2863781-F689-4A20-BD2E-9BF87F9D5A9E}"
EndProject
Project("{8BC9CEB8-8B4A-11D0-8D11-00A0C91BC942}") = "LeetCode-198-打家劫舍", "LeetCode-198-打家劫舍\LeetCode-198-打家劫舍.vcxproj", "{71ED4946-46DC-4B3E-839F-E81D19A85541}"
EndProject
Project("{8BC9CEB8-8B4A-11D0-8D11-00A0C91BC942}") = "LeetCode-202-快乐数", "LeetCode-202-快乐数\LeetCode-202-快乐数.vcxproj", "{E22E56A2-5E30-46DD-A8E4-CA3211B79FAE}"
EndProject
Project("{8BC9CEB8-8B4A-11D0-8D11-00A0C91BC942}") = "LeetCode-203-移除链表元素", "LeetCode-203-移除链表元素\LeetCode-203-移除链表元素.vcxproj", "{AD8620D0-E8FE-4B67-A4B3-CBC88EF3ADD6}"
EndProject
Project("{8BC9CEB8-8B4A-11D0-8D11-00A0C91BC942}") = "LeetCode-204-计数质数", "LeetCode-204-计数质数\LeetCode-204-计数质数.vcxproj", "{C0442A06-02DE-4DAB-A445-295464F44FFF}"
EndProject
Project("{8BC9CEB8-8B4A-11D0-8D11-00A0C91BC942}") = "LeetCode-205-同构字符串", "LeetCode-205-同构字符串\LeetCode-205-同构字符串.vcxproj", "{3457BCAE-8953-4FE5-B55C-DDDEBA1D08D5}"
EndProject
Project("{8BC9CEB8-8B4A-11D0-8D11-00A0C91BC942}") = "LeetCode-290-单词规律", "LeetCode-290-单词规律\LeetCode-290-单词规律.vcxproj", "{0920C7B2-59AA-4AB9-98CF-D8EC2BCB81CA}"
EndProject
Project("{8BC9CEB8-8B4A-11D0-8D11-00A0C91BC942}") = "LeetCode-217-存在重复元素", "LeetCode-217-存在重复元素\LeetCode-217-存在重复元素.vcxproj", "{473061B6-AA59-482B-A6DF-AEDAEECE24ED}"
EndProject
Project("{8BC9CEB8-8B4A-11D0-8D11-00A0C91BC942}") = "LeetCode-219-存在重复元素II", "LeetCode-219-存在重复元素II\LeetCode-219-存在重复元素II.vcxproj", "{E327780B-81BF-4718-B0D0-0EE532869EB3}"
EndProject
Project("{8BC9CEB8-8B4A-11D0-8D11-00A0C91BC942}") = "LeetCode-063-不同路径II", "LeetCode-063-不同路径II\LeetCode-063-不同路径II.vcxproj", "{9CFB0B2B-57A6-4B3B-BC1C-95711B91809C}"
EndProject
Project("{8BC9CEB8-8B4A-11D0-8D11-00A0C91BC942}") = "LeetCode-064-最小路径和", "LeetCode-064-最小路径和\LeetCode-064-最小路径和.vcxproj", "{6DF97EC7-47F7-4ED8-861B-C9A0991E11BE}"
EndProject
Project("{8BC9CEB8-8B4A-11D0-8D11-00A0C91BC942}") = "LeetCode-091-解码方法", "LeetCode-091-解码方法\LeetCode-091-解码方法.vcxproj", "{C983ED18-9920-49DB-AD06-78318D117A5F}"
EndProject
Project("{8BC9CEB8-8B4A-11D0-8D11-00A0C91BC942}") = "LeetCode-120-三角形最小路径和", "LeetCode-120-三角形最小路径和\LeetCode-120-三角形最小路径和.vcxproj", "{A5B59E6D-6753-4C01-A8B3-37737E4274AD}"
EndProject
Project("{8BC9CEB8-8B4A-11D0-8D11-00A0C91BC942}") = "LeetCode-151-翻转字符串里的单词", "LeetCode-151-翻转字符串里的单词\LeetCode-151-翻转字符串里的单词.vcxproj", "{20874D3C-813D-4124-BE2F-B6EA0C3C1F29}"
EndProject
Project("{8BC9CEB8-8B4A-11D0-8D11-00A0C91BC942}") = "LeetCode-242-有效的字母异位词", "LeetCode-242-有效的字母异位词\LeetCode-242-有效的字母异位词.vcxproj", "{CF251C39-8685-498A-87AE-2F2EF4A05775}"
EndProject
Project("{8BC9CEB8-8B4A-11D0-8D11-00A0C91BC942}") = "LeetCode-061-旋转链表", "LeetCode-061-旋转链表\LeetCode-061-旋转链表.vcxproj", "{DF4A4EB0-84D6-40D5-8F57-BA3F7493A94A}"
EndProject
Project("{8BC9CEB8-8B4A-11D0-8D11-00A0C91BC942}") = "LeetCode-225-用队列实现栈", "LeetCode-225-用队列实现栈\LeetCode-225-用队列实现栈.vcxproj", "{2C42FB01-FBB9-4A26-88E5-C136E36D1DD4}"
EndProject
Project("{8BC9CEB8-8B4A-11D0-8D11-00A0C91BC942}") = "LeetCode-073-矩阵置零", "LeetCode-073-矩阵置零\LeetCode-073-矩阵置零.vcxproj", "{CA95F2EB-8CAA-4BC7-8921-877939A59930}"
EndProject
Project("{8BC9CEB8-8B4A-11D0-8D11-00A0C91BC942}") = "LeetCode-056-合并区间", "LeetCode-056-合并区间\LeetCode-056-合并区间.vcxproj", "{BBDDB4F6-2BDC-44AA-8551-C02976E37974}"
EndProject
Project("{8BC9CEB8-8B4A-11D0-8D11-00A0C91BC942}") = "LeetCode-059-螺旋矩阵II", "LeetCode-059-螺旋矩阵II\LeetCode-059-螺旋矩阵II.vcxproj", "{502085EC-1E00-460A-8447-FEFCE5828B08}"
EndProject
Project("{8BC9CEB8-8B4A-11D0-8D11-00A0C91BC942}") = "LeetCode-139-单词拆分", "LeetCode-139-单词拆分\LeetCode-139-单词拆分.vcxproj", "{4EFAB4BB-33AD-40C2-8164-E9B9068E0D31}"
EndProject
Project("{8BC9CEB8-8B4A-11D0-8D11-00A0C91BC942}") = "LeetCode-093-复原IP地址", "LeetCode-093-复原IP地址\LeetCode-093-复原IP地址.vcxproj", "{0FED9029-D58A-4929-906A-58EE9A6DF965}"
EndProject
Project("{8BC9CEB8-8B4A-11D0-8D11-00A0C91BC942}") = "LeetCode-152-乘积最大子序列", "LeetCode-152-乘积最大子序列\LeetCode-152-乘积最大子序列.vcxproj", "{BDE34BAF-2006-4CAA-99E2-0C1F58D42F0E}"
EndProject
Project("{8BC9CEB8-8B4A-11D0-8D11-00A0C91BC942}") = "LeetCode-078-子集", "LeetCode-078-子集\LeetCode-078-子集.vcxproj", "{DF2B8C95-E0CF-485A-AAAD-17C6DFE9B70D}"
EndProject
Project("{8BC9CEB8-8B4A-11D0-8D11-00A0C91BC942}") = "LeetCode-238-除自身以外数组的乘积", "LeetCode-238-除自身以外数组的乘积\LeetCode-238-除自身以外数组的乘积.vcxproj", "{A8921246-8372-4B4F-940C-E5A5962E8D16}"
EndProject
Project("{8BC9CEB8-8B4A-11D0-8D11-00A0C91BC942}") = "LeetCode-209-长度最小的子数组", "LeetCode-209-长度最小的子数组\LeetCode-209-长度最小的子数组.vcxproj", "{0D446B35-5C55-4F26-96E1-DB5EBE18ADF2}"
EndProject
Project("{8BC9CEB8-8B4A-11D0-8D11-00A0C91BC942}") = "LeetCode-283-移动零", "LeetCode-283-移动零\LeetCode-283-移动零.vcxproj", "{769CE863-0685-42C0-AB5F-84F6C681BC3C}"
EndProject
Project("{8BC9CEB8-8B4A-11D0-8D11-00A0C91BC942}") = "LeetCode-268-缺失数字", "LeetCode-268-缺失数字\LeetCode-268-缺失数字.vcxproj", "{34168F9B-A253-4675-BA7A-80B079D397DD}"
EndProject
Project("{8BC9CEB8-8B4A-11D0-8D11-00A0C91BC942}") = "LeetCode-101-对称二叉树", "LeetCode-101-对称二叉树\LeetCode-101-对称二叉树.vcxproj", "{28E6393F-0D31-4595-A94B-AEDC6391FEB6}"
EndProject
Project("{8BC9CEB8-8B4A-11D0-8D11-00A0C91BC942}") = "LeetCode-102-二叉树的层次遍历", "LeetCode-102-二叉树的层次遍历\LeetCode-102-二叉树的层次遍历.vcxproj", "{0DAF571A-0967-450B-9E1F-148575943665}"
EndProject
Project("{8BC9CEB8-8B4A-11D0-8D11-00A0C91BC942}") = "LeetCode-103-二叉树的锯齿形层次遍历", "LeetCode-103-二叉树的锯齿形层次遍历\LeetCode-103-二叉树的锯齿形层次遍历.vcxproj", "{FE3F4F05-35D1-4885-8659-C89CADCE0F27}"
EndProject
Project("{8BC9CEB8-8B4A-11D0-8D11-00A0C91BC942}") = "LeetCode-104-二叉树的最大深度", "LeetCode-104-二叉树的最大深度\LeetCode-104-二叉树的最大深度.vcxproj", "{94960A9F-4593-4DBF-B1D8-2FF585A568E3}"
EndProject
Project("{8BC9CEB8-8B4A-11D0-8D11-00A0C91BC942}") = "LeetCode-107-二叉树的层次遍历II", "LeetCode-107-二叉树的层次遍历II\LeetCode-107-二叉树的层次遍历II.vcxproj", "{02B7F036-EC33-495B-98E7-E3DA1F37D1AD}"
EndProject
Project("{8BC9CEB8-8B4A-11D0-8D11-00A0C91BC942}") = "LeetCode-637-二叉树的层平均值", "LeetCode-637-二叉树的层平均值\LeetCode-637-二叉树的层平均值.vcxproj", "{0CDC1CF3-811A-4BA5-932F-082AF0107640}"
EndProject
Project("{8BC9CEB8-8B4A-11D0-8D11-00A0C91BC942}") = "LeetCode-165-比较版本号", "LeetCode-165-比较版本号\LeetCode-165-比较版本号.vcxproj", "{CCAB9153-F20A-40B9-82D1-76BA4DF3BFF0}"
EndProject
Project("{8BC9CEB8-8B4A-11D0-8D11-00A0C91BC942}") = "LeetCode-215-数组中的第K个最大元素", "LeetCode-215-数组中的第K个最大元素\LeetCode-215-数组中的第K个最大元素.vcxproj", "{8C4EFED4-22A3-4247-A190-03975021D1D2}"
EndProject
Project("{8BC9CEB8-8B4A-11D0-8D11-00A0C91BC942}") = "LeetCode-075-颜色分类", "LeetCode-075-颜色分类\LeetCode-075-颜色分类.vcxproj", "{87D4A5F6-0ED1-4B60-9562-46D14942B534}"
EndProject
Project("{8BC9CEB8-8B4A-11D0-8D11-00A0C91BC942}") = "LeetCode-216-组合总和III", "LeetCode-216-组合总和III\LeetCode-216-组合总和III.vcxproj", "{B3C3D6AA-6D25-496D-9E33-2722613D2B1A}"
EndProject
Project("{8BC9CEB8-8B4A-11D0-8D11-00A0C91BC942}") = "LeetCode-227-基本计算器II", "LeetCode-227-基本计算器II\LeetCode-227-基本计算器II.vcxproj", "{197A0FA4-6D0D-4B14-844B-C7DA2BF7E416}"
EndProject
Project("{8BC9CEB8-8B4A-11D0-8D11-00A0C91BC942}") = "LeetCode-079-单词搜索", "LeetCode-079-单词搜索\LeetCode-079-单词搜索.vcxproj", "{F2E1AFFA-68DB-474A-BD30-41B7CD67BA6F}"
EndProject
Project("{8BC9CEB8-8B4A-11D0-8D11-00A0C91BC942}") = "LeetCode-228-汇总区间", "LeetCode-228-汇总区间\LeetCode-228-汇总区间.vcxproj", "{F95EF6E9-79A4-442D-BC50-ACFEB3F2C36D}"
EndProject
Project("{8BC9CEB8-8B4A-11D0-8D11-00A0C91BC942}") = "LeetCode-434-字符串中的单词数", "LeetCode-434-字符串中的单词数\LeetCode-434-字符串中的单词数.vcxproj", "{AD84F29B-EE49-4852-860F-F7DD6F71E303}"
EndProject
Project("{8BC9CEB8-8B4A-11D0-8D11-00A0C91BC942}") = "LeetCode-345-反转字符串中的元音字母", "LeetCode-345-反转字符串中的元音字母\LeetCode-345-反转字符串中的元音字母.vcxproj", "{C7CCD288-3F8C-4E8A-84CD-C50452724D2A}"
EndProject
Project("{8BC9CEB8-8B4A-11D0-8D11-00A0C91BC942}") = "LeetCode-383-赎金信", "LeetCode-383-赎金信\LeetCode-383-赎金信.vcxproj", "{5375DA13-3B09-443B-8F53-8027ED4FD2DB}"
EndProject
Project("{8BC9CEB8-8B4A-11D0-8D11-00A0C91BC942}") = "LeetCode-387-字符串中的第一个唯一字符", "LeetCode-387-字符串中的第一个唯一字符\LeetCode-387-字符串中的第一个唯一字符.vcxproj", "{79D2B567-F9C4-4DFD-8983-303C94721EAF}"
EndProject
Project("{8BC9CEB8-8B4A-11D0-8D11-00A0C91BC942}") = "LeetCode-443-压缩字符串", "LeetCode-443-压缩字符串\LeetCode-443-压缩字符串.vcxproj", "{F7D7688C-FA0D-4160-B695-4B7C29A152E6}"
EndProject
Project("{8BC9CEB8-8B4A-11D0-8D11-00A0C91BC942}") = "LeetCode-080-删除排序数组中的重复项II", "LeetCode-080-删除排序数组中的重复项II\LeetCode-080-删除排序数组中的重复项II.vcxproj", "{7271BDA4-FE8A-4C94-8EE3-CD859E301D4F}"
EndProject
Project("{8BC9CEB8-8B4A-11D0-8D11-00A0C91BC942}") = "LeetCode-289-生命游戏", "LeetCode-289-生命游戏\LeetCode-289-生命游戏.vcxproj", "{002B009C-F4C0-4325-B4B4-B7E5938C45DA}"
EndProject
Project("{8BC9CEB8-8B4A-11D0-8D11-00A0C91BC942}") = "LeetCode-414-第三大的数", "LeetCode-414-第三大的数\LeetCode-414-第三大的数.vcxproj", "{8EDACF81-8CEA-4013-A784-FD1D6E2EA666}"
EndProject
Project("{8BC9CEB8-8B4A-11D0-8D11-00A0C91BC942}") = "LeetCode-221-最大正方形", "LeetCode-221-最大正方形\LeetCode-221-最大正方形.vcxproj", "{711ED620-6E91-49DE-B5B6-F0173EA1F968}"
EndProject
Project("{8BC9CEB8-8B4A-11D0-8D11-00A0C91BC942}") = "LeetCode-237-删除链表中的节点", "LeetCode-237-删除链表中的节点\LeetCode-237-删除链表中的节点.vcxproj", "{30A72010-4D7F-4061-A1DC-524206413E09}"
EndProject
Project("{8BC9CEB8-8B4A-11D0-8D11-00A0C91BC942}") = "LeetCode-236-二叉树的最近公共祖先", "LeetCode-236-二叉树的最近公共祖先\LeetCode-236-二叉树的最近公共祖先.vcxproj", "{81CD348E-D7E3-4228-A9DD-A1598EA049C1}"
EndProject
Project("{8BC9CEB8-8B4A-11D0-8D11-00A0C91BC942}") = "LeetCode-235-二叉搜索树的最近公共祖先", "LeetCode-235-二叉搜索树的最近公共祖先\LeetCode-235-二叉搜索树的最近公共祖先.vcxproj", "{7E059F8F-4F94-4EFA-864F-76CA71C6E952}"
EndProject
Project("{8BC9CEB8-8B4A-11D0-8D11-00A0C91BC942}") = "LeetCode-112-路径总和", "LeetCode-112-路径总和\LeetCode-112-路径总和.vcxproj", "{3000403A-8FEA-4C38-97EB-50C78B59FB88}"
EndProject
Global
	GlobalSection(SolutionConfigurationPlatforms) = preSolution
		Debug|x64 = Debug|x64
		Debug|x86 = Debug|x86
		Release|x64 = Release|x64
		Release|x86 = Release|x86
	EndGlobalSection
	GlobalSection(ProjectConfigurationPlatforms) = postSolution
		{FC33767A-F0F5-4B25-975E-E8280B92AE9A}.Debug|x64.ActiveCfg = Debug|x64
		{FC33767A-F0F5-4B25-975E-E8280B92AE9A}.Debug|x64.Build.0 = Debug|x64
		{FC33767A-F0F5-4B25-975E-E8280B92AE9A}.Debug|x86.ActiveCfg = Debug|Win32
		{FC33767A-F0F5-4B25-975E-E8280B92AE9A}.Debug|x86.Build.0 = Debug|Win32
		{FC33767A-F0F5-4B25-975E-E8280B92AE9A}.Release|x64.ActiveCfg = Release|x64
		{FC33767A-F0F5-4B25-975E-E8280B92AE9A}.Release|x64.Build.0 = Release|x64
		{FC33767A-F0F5-4B25-975E-E8280B92AE9A}.Release|x86.ActiveCfg = Release|Win32
		{FC33767A-F0F5-4B25-975E-E8280B92AE9A}.Release|x86.Build.0 = Release|Win32
		{F5708810-E5AE-488D-8BF4-FAEF6F630CE1}.Debug|x64.ActiveCfg = Debug|x64
		{F5708810-E5AE-488D-8BF4-FAEF6F630CE1}.Debug|x64.Build.0 = Debug|x64
		{F5708810-E5AE-488D-8BF4-FAEF6F630CE1}.Debug|x86.ActiveCfg = Debug|Win32
		{F5708810-E5AE-488D-8BF4-FAEF6F630CE1}.Debug|x86.Build.0 = Debug|Win32
		{F5708810-E5AE-488D-8BF4-FAEF6F630CE1}.Release|x64.ActiveCfg = Release|x64
		{F5708810-E5AE-488D-8BF4-FAEF6F630CE1}.Release|x64.Build.0 = Release|x64
		{F5708810-E5AE-488D-8BF4-FAEF6F630CE1}.Release|x86.ActiveCfg = Release|Win32
		{F5708810-E5AE-488D-8BF4-FAEF6F630CE1}.Release|x86.Build.0 = Release|Win32
		{4BA41F17-6549-4DC7-AC72-862E963C2411}.Debug|x64.ActiveCfg = Debug|x64
		{4BA41F17-6549-4DC7-AC72-862E963C2411}.Debug|x64.Build.0 = Debug|x64
		{4BA41F17-6549-4DC7-AC72-862E963C2411}.Debug|x86.ActiveCfg = Debug|Win32
		{4BA41F17-6549-4DC7-AC72-862E963C2411}.Debug|x86.Build.0 = Debug|Win32
		{4BA41F17-6549-4DC7-AC72-862E963C2411}.Release|x64.ActiveCfg = Release|x64
		{4BA41F17-6549-4DC7-AC72-862E963C2411}.Release|x64.Build.0 = Release|x64
		{4BA41F17-6549-4DC7-AC72-862E963C2411}.Release|x86.ActiveCfg = Release|Win32
		{4BA41F17-6549-4DC7-AC72-862E963C2411}.Release|x86.Build.0 = Release|Win32
		{41D4E14C-FACF-4108-891E-E068189DCB7E}.Debug|x64.ActiveCfg = Debug|x64
		{41D4E14C-FACF-4108-891E-E068189DCB7E}.Debug|x64.Build.0 = Debug|x64
		{41D4E14C-FACF-4108-891E-E068189DCB7E}.Debug|x86.ActiveCfg = Debug|Win32
		{41D4E14C-FACF-4108-891E-E068189DCB7E}.Debug|x86.Build.0 = Debug|Win32
		{41D4E14C-FACF-4108-891E-E068189DCB7E}.Release|x64.ActiveCfg = Release|x64
		{41D4E14C-FACF-4108-891E-E068189DCB7E}.Release|x64.Build.0 = Release|x64
		{41D4E14C-FACF-4108-891E-E068189DCB7E}.Release|x86.ActiveCfg = Release|Win32
		{41D4E14C-FACF-4108-891E-E068189DCB7E}.Release|x86.Build.0 = Release|Win32
		{959A35A5-D0A0-418C-A4D7-81D40C44859A}.Debug|x64.ActiveCfg = Debug|x64
		{959A35A5-D0A0-418C-A4D7-81D40C44859A}.Debug|x64.Build.0 = Debug|x64
		{959A35A5-D0A0-418C-A4D7-81D40C44859A}.Debug|x86.ActiveCfg = Debug|Win32
		{959A35A5-D0A0-418C-A4D7-81D40C44859A}.Debug|x86.Build.0 = Debug|Win32
		{959A35A5-D0A0-418C-A4D7-81D40C44859A}.Release|x64.ActiveCfg = Release|x64
		{959A35A5-D0A0-418C-A4D7-81D40C44859A}.Release|x64.Build.0 = Release|x64
		{959A35A5-D0A0-418C-A4D7-81D40C44859A}.Release|x86.ActiveCfg = Release|Win32
		{959A35A5-D0A0-418C-A4D7-81D40C44859A}.Release|x86.Build.0 = Release|Win32
		{8D054254-A762-4220-9179-D3E2E5A22B21}.Debug|x64.ActiveCfg = Debug|x64
		{8D054254-A762-4220-9179-D3E2E5A22B21}.Debug|x64.Build.0 = Debug|x64
		{8D054254-A762-4220-9179-D3E2E5A22B21}.Debug|x86.ActiveCfg = Debug|Win32
		{8D054254-A762-4220-9179-D3E2E5A22B21}.Debug|x86.Build.0 = Debug|Win32
		{8D054254-A762-4220-9179-D3E2E5A22B21}.Release|x64.ActiveCfg = Release|x64
		{8D054254-A762-4220-9179-D3E2E5A22B21}.Release|x64.Build.0 = Release|x64
		{8D054254-A762-4220-9179-D3E2E5A22B21}.Release|x86.ActiveCfg = Release|Win32
		{8D054254-A762-4220-9179-D3E2E5A22B21}.Release|x86.Build.0 = Release|Win32
		{40013EC0-B30A-438B-8BBB-9AEA13C53C65}.Debug|x64.ActiveCfg = Debug|x64
		{40013EC0-B30A-438B-8BBB-9AEA13C53C65}.Debug|x64.Build.0 = Debug|x64
		{40013EC0-B30A-438B-8BBB-9AEA13C53C65}.Debug|x86.ActiveCfg = Debug|Win32
		{40013EC0-B30A-438B-8BBB-9AEA13C53C65}.Debug|x86.Build.0 = Debug|Win32
		{40013EC0-B30A-438B-8BBB-9AEA13C53C65}.Release|x64.ActiveCfg = Release|x64
		{40013EC0-B30A-438B-8BBB-9AEA13C53C65}.Release|x64.Build.0 = Release|x64
		{40013EC0-B30A-438B-8BBB-9AEA13C53C65}.Release|x86.ActiveCfg = Release|Win32
		{40013EC0-B30A-438B-8BBB-9AEA13C53C65}.Release|x86.Build.0 = Release|Win32
		{7B31A963-55A7-49CC-9816-9886EA9B204E}.Debug|x64.ActiveCfg = Debug|x64
		{7B31A963-55A7-49CC-9816-9886EA9B204E}.Debug|x64.Build.0 = Debug|x64
		{7B31A963-55A7-49CC-9816-9886EA9B204E}.Debug|x86.ActiveCfg = Debug|Win32
		{7B31A963-55A7-49CC-9816-9886EA9B204E}.Debug|x86.Build.0 = Debug|Win32
		{7B31A963-55A7-49CC-9816-9886EA9B204E}.Release|x64.ActiveCfg = Release|x64
		{7B31A963-55A7-49CC-9816-9886EA9B204E}.Release|x64.Build.0 = Release|x64
		{7B31A963-55A7-49CC-9816-9886EA9B204E}.Release|x86.ActiveCfg = Release|Win32
		{7B31A963-55A7-49CC-9816-9886EA9B204E}.Release|x86.Build.0 = Release|Win32
		{BCD8BC92-CF42-42ED-83A6-2A0AC7DCB96B}.Debug|x64.ActiveCfg = Debug|x64
		{BCD8BC92-CF42-42ED-83A6-2A0AC7DCB96B}.Debug|x64.Build.0 = Debug|x64
		{BCD8BC92-CF42-42ED-83A6-2A0AC7DCB96B}.Debug|x86.ActiveCfg = Debug|Win32
		{BCD8BC92-CF42-42ED-83A6-2A0AC7DCB96B}.Debug|x86.Build.0 = Debug|Win32
		{BCD8BC92-CF42-42ED-83A6-2A0AC7DCB96B}.Release|x64.ActiveCfg = Release|x64
		{BCD8BC92-CF42-42ED-83A6-2A0AC7DCB96B}.Release|x64.Build.0 = Release|x64
		{BCD8BC92-CF42-42ED-83A6-2A0AC7DCB96B}.Release|x86.ActiveCfg = Release|Win32
		{BCD8BC92-CF42-42ED-83A6-2A0AC7DCB96B}.Release|x86.Build.0 = Release|Win32
		{45B36537-5A05-4E68-9283-9B770691BE13}.Debug|x64.ActiveCfg = Debug|x64
		{45B36537-5A05-4E68-9283-9B770691BE13}.Debug|x64.Build.0 = Debug|x64
		{45B36537-5A05-4E68-9283-9B770691BE13}.Debug|x86.ActiveCfg = Debug|Win32
		{45B36537-5A05-4E68-9283-9B770691BE13}.Debug|x86.Build.0 = Debug|Win32
		{45B36537-5A05-4E68-9283-9B770691BE13}.Release|x64.ActiveCfg = Release|x64
		{45B36537-5A05-4E68-9283-9B770691BE13}.Release|x64.Build.0 = Release|x64
		{45B36537-5A05-4E68-9283-9B770691BE13}.Release|x86.ActiveCfg = Release|Win32
		{45B36537-5A05-4E68-9283-9B770691BE13}.Release|x86.Build.0 = Release|Win32
		{2A53C16C-0211-4532-838F-782D212E764D}.Debug|x64.ActiveCfg = Debug|x64
		{2A53C16C-0211-4532-838F-782D212E764D}.Debug|x64.Build.0 = Debug|x64
		{2A53C16C-0211-4532-838F-782D212E764D}.Debug|x86.ActiveCfg = Debug|Win32
		{2A53C16C-0211-4532-838F-782D212E764D}.Debug|x86.Build.0 = Debug|Win32
		{2A53C16C-0211-4532-838F-782D212E764D}.Release|x64.ActiveCfg = Release|x64
		{2A53C16C-0211-4532-838F-782D212E764D}.Release|x64.Build.0 = Release|x64
		{2A53C16C-0211-4532-838F-782D212E764D}.Release|x86.ActiveCfg = Release|Win32
		{2A53C16C-0211-4532-838F-782D212E764D}.Release|x86.Build.0 = Release|Win32
		{4E35693C-E009-4A3C-8D82-5DA06673320D}.Debug|x64.ActiveCfg = Debug|x64
		{4E35693C-E009-4A3C-8D82-5DA06673320D}.Debug|x64.Build.0 = Debug|x64
		{4E35693C-E009-4A3C-8D82-5DA06673320D}.Debug|x86.ActiveCfg = Debug|Win32
		{4E35693C-E009-4A3C-8D82-5DA06673320D}.Debug|x86.Build.0 = Debug|Win32
		{4E35693C-E009-4A3C-8D82-5DA06673320D}.Release|x64.ActiveCfg = Release|x64
		{4E35693C-E009-4A3C-8D82-5DA06673320D}.Release|x64.Build.0 = Release|x64
		{4E35693C-E009-4A3C-8D82-5DA06673320D}.Release|x86.ActiveCfg = Release|Win32
		{4E35693C-E009-4A3C-8D82-5DA06673320D}.Release|x86.Build.0 = Release|Win32
		{6C76A878-2A80-48B1-8405-58AECC22CE05}.Debug|x64.ActiveCfg = Debug|x64
		{6C76A878-2A80-48B1-8405-58AECC22CE05}.Debug|x64.Build.0 = Debug|x64
		{6C76A878-2A80-48B1-8405-58AECC22CE05}.Debug|x86.ActiveCfg = Debug|Win32
		{6C76A878-2A80-48B1-8405-58AECC22CE05}.Debug|x86.Build.0 = Debug|Win32
		{6C76A878-2A80-48B1-8405-58AECC22CE05}.Release|x64.ActiveCfg = Release|x64
		{6C76A878-2A80-48B1-8405-58AECC22CE05}.Release|x64.Build.0 = Release|x64
		{6C76A878-2A80-48B1-8405-58AECC22CE05}.Release|x86.ActiveCfg = Release|Win32
		{6C76A878-2A80-48B1-8405-58AECC22CE05}.Release|x86.Build.0 = Release|Win32
		{ABE34C71-D43A-4F48-B43D-9074E36BDF6D}.Debug|x64.ActiveCfg = Debug|x64
		{ABE34C71-D43A-4F48-B43D-9074E36BDF6D}.Debug|x64.Build.0 = Debug|x64
		{ABE34C71-D43A-4F48-B43D-9074E36BDF6D}.Debug|x86.ActiveCfg = Debug|Win32
		{ABE34C71-D43A-4F48-B43D-9074E36BDF6D}.Debug|x86.Build.0 = Debug|Win32
		{ABE34C71-D43A-4F48-B43D-9074E36BDF6D}.Release|x64.ActiveCfg = Release|x64
		{ABE34C71-D43A-4F48-B43D-9074E36BDF6D}.Release|x64.Build.0 = Release|x64
		{ABE34C71-D43A-4F48-B43D-9074E36BDF6D}.Release|x86.ActiveCfg = Release|Win32
		{ABE34C71-D43A-4F48-B43D-9074E36BDF6D}.Release|x86.Build.0 = Release|Win32
		{4E992B9D-FAFE-4C26-934C-BD8141BDB4E2}.Debug|x64.ActiveCfg = Debug|x64
		{4E992B9D-FAFE-4C26-934C-BD8141BDB4E2}.Debug|x64.Build.0 = Debug|x64
		{4E992B9D-FAFE-4C26-934C-BD8141BDB4E2}.Debug|x86.ActiveCfg = Debug|Win32
		{4E992B9D-FAFE-4C26-934C-BD8141BDB4E2}.Debug|x86.Build.0 = Debug|Win32
		{4E992B9D-FAFE-4C26-934C-BD8141BDB4E2}.Release|x64.ActiveCfg = Release|x64
		{4E992B9D-FAFE-4C26-934C-BD8141BDB4E2}.Release|x64.Build.0 = Release|x64
		{4E992B9D-FAFE-4C26-934C-BD8141BDB4E2}.Release|x86.ActiveCfg = Release|Win32
		{4E992B9D-FAFE-4C26-934C-BD8141BDB4E2}.Release|x86.Build.0 = Release|Win32
		{CAFC2267-E348-43D8-BF6B-92844103AC66}.Debug|x64.ActiveCfg = Debug|x64
		{CAFC2267-E348-43D8-BF6B-92844103AC66}.Debug|x64.Build.0 = Debug|x64
		{CAFC2267-E348-43D8-BF6B-92844103AC66}.Debug|x86.ActiveCfg = Debug|Win32
		{CAFC2267-E348-43D8-BF6B-92844103AC66}.Debug|x86.Build.0 = Debug|Win32
		{CAFC2267-E348-43D8-BF6B-92844103AC66}.Release|x64.ActiveCfg = Release|x64
		{CAFC2267-E348-43D8-BF6B-92844103AC66}.Release|x64.Build.0 = Release|x64
		{CAFC2267-E348-43D8-BF6B-92844103AC66}.Release|x86.ActiveCfg = Release|Win32
		{CAFC2267-E348-43D8-BF6B-92844103AC66}.Release|x86.Build.0 = Release|Win32
		{94220043-245E-4DA3-A228-6F9E414AEBEF}.Debug|x64.ActiveCfg = Debug|x64
		{94220043-245E-4DA3-A228-6F9E414AEBEF}.Debug|x64.Build.0 = Debug|x64
		{94220043-245E-4DA3-A228-6F9E414AEBEF}.Debug|x86.ActiveCfg = Debug|Win32
		{94220043-245E-4DA3-A228-6F9E414AEBEF}.Debug|x86.Build.0 = Debug|Win32
		{94220043-245E-4DA3-A228-6F9E414AEBEF}.Release|x64.ActiveCfg = Release|x64
		{94220043-245E-4DA3-A228-6F9E414AEBEF}.Release|x64.Build.0 = Release|x64
		{94220043-245E-4DA3-A228-6F9E414AEBEF}.Release|x86.ActiveCfg = Release|Win32
		{94220043-245E-4DA3-A228-6F9E414AEBEF}.Release|x86.Build.0 = Release|Win32
		{0B150FED-876A-4E97-BD27-D637C1CCD78B}.Debug|x64.ActiveCfg = Debug|x64
		{0B150FED-876A-4E97-BD27-D637C1CCD78B}.Debug|x64.Build.0 = Debug|x64
		{0B150FED-876A-4E97-BD27-D637C1CCD78B}.Debug|x86.ActiveCfg = Debug|Win32
		{0B150FED-876A-4E97-BD27-D637C1CCD78B}.Debug|x86.Build.0 = Debug|Win32
		{0B150FED-876A-4E97-BD27-D637C1CCD78B}.Release|x64.ActiveCfg = Release|x64
		{0B150FED-876A-4E97-BD27-D637C1CCD78B}.Release|x64.Build.0 = Release|x64
		{0B150FED-876A-4E97-BD27-D637C1CCD78B}.Release|x86.ActiveCfg = Release|Win32
		{0B150FED-876A-4E97-BD27-D637C1CCD78B}.Release|x86.Build.0 = Release|Win32
		{1CDE90C1-7F09-4C32-8567-53C1D4AA2882}.Debug|x64.ActiveCfg = Debug|x64
		{1CDE90C1-7F09-4C32-8567-53C1D4AA2882}.Debug|x64.Build.0 = Debug|x64
		{1CDE90C1-7F09-4C32-8567-53C1D4AA2882}.Debug|x86.ActiveCfg = Debug|Win32
		{1CDE90C1-7F09-4C32-8567-53C1D4AA2882}.Debug|x86.Build.0 = Debug|Win32
		{1CDE90C1-7F09-4C32-8567-53C1D4AA2882}.Release|x64.ActiveCfg = Release|x64
		{1CDE90C1-7F09-4C32-8567-53C1D4AA2882}.Release|x64.Build.0 = Release|x64
		{1CDE90C1-7F09-4C32-8567-53C1D4AA2882}.Release|x86.ActiveCfg = Release|Win32
		{1CDE90C1-7F09-4C32-8567-53C1D4AA2882}.Release|x86.Build.0 = Release|Win32
		{739DE533-ED77-4F21-9C7E-0867333B744B}.Debug|x64.ActiveCfg = Debug|x64
		{739DE533-ED77-4F21-9C7E-0867333B744B}.Debug|x64.Build.0 = Debug|x64
		{739DE533-ED77-4F21-9C7E-0867333B744B}.Debug|x86.ActiveCfg = Debug|Win32
		{739DE533-ED77-4F21-9C7E-0867333B744B}.Debug|x86.Build.0 = Debug|Win32
		{739DE533-ED77-4F21-9C7E-0867333B744B}.Release|x64.ActiveCfg = Release|x64
		{739DE533-ED77-4F21-9C7E-0867333B744B}.Release|x64.Build.0 = Release|x64
		{739DE533-ED77-4F21-9C7E-0867333B744B}.Release|x86.ActiveCfg = Release|Win32
		{739DE533-ED77-4F21-9C7E-0867333B744B}.Release|x86.Build.0 = Release|Win32
		{7E564311-622F-4E7D-9EC1-88C03E6C00A2}.Debug|x64.ActiveCfg = Debug|x64
		{7E564311-622F-4E7D-9EC1-88C03E6C00A2}.Debug|x64.Build.0 = Debug|x64
		{7E564311-622F-4E7D-9EC1-88C03E6C00A2}.Debug|x86.ActiveCfg = Debug|Win32
		{7E564311-622F-4E7D-9EC1-88C03E6C00A2}.Debug|x86.Build.0 = Debug|Win32
		{7E564311-622F-4E7D-9EC1-88C03E6C00A2}.Release|x64.ActiveCfg = Release|x64
		{7E564311-622F-4E7D-9EC1-88C03E6C00A2}.Release|x64.Build.0 = Release|x64
		{7E564311-622F-4E7D-9EC1-88C03E6C00A2}.Release|x86.ActiveCfg = Release|Win32
		{7E564311-622F-4E7D-9EC1-88C03E6C00A2}.Release|x86.Build.0 = Release|Win32
		{53665643-F431-4F91-9816-630A6F7CD03A}.Debug|x64.ActiveCfg = Debug|x64
		{53665643-F431-4F91-9816-630A6F7CD03A}.Debug|x64.Build.0 = Debug|x64
		{53665643-F431-4F91-9816-630A6F7CD03A}.Debug|x86.ActiveCfg = Debug|Win32
		{53665643-F431-4F91-9816-630A6F7CD03A}.Debug|x86.Build.0 = Debug|Win32
		{53665643-F431-4F91-9816-630A6F7CD03A}.Release|x64.ActiveCfg = Release|x64
		{53665643-F431-4F91-9816-630A6F7CD03A}.Release|x64.Build.0 = Release|x64
		{53665643-F431-4F91-9816-630A6F7CD03A}.Release|x86.ActiveCfg = Release|Win32
		{53665643-F431-4F91-9816-630A6F7CD03A}.Release|x86.Build.0 = Release|Win32
		{5C52B4EE-3EC1-4F36-9651-BA39AB6BE37A}.Debug|x64.ActiveCfg = Debug|x64
		{5C52B4EE-3EC1-4F36-9651-BA39AB6BE37A}.Debug|x64.Build.0 = Debug|x64
		{5C52B4EE-3EC1-4F36-9651-BA39AB6BE37A}.Debug|x86.ActiveCfg = Debug|Win32
		{5C52B4EE-3EC1-4F36-9651-BA39AB6BE37A}.Debug|x86.Build.0 = Debug|Win32
		{5C52B4EE-3EC1-4F36-9651-BA39AB6BE37A}.Release|x64.ActiveCfg = Release|x64
		{5C52B4EE-3EC1-4F36-9651-BA39AB6BE37A}.Release|x64.Build.0 = Release|x64
		{5C52B4EE-3EC1-4F36-9651-BA39AB6BE37A}.Release|x86.ActiveCfg = Release|Win32
		{5C52B4EE-3EC1-4F36-9651-BA39AB6BE37A}.Release|x86.Build.0 = Release|Win32
		{BE18570E-D5D8-49B2-8079-4CAC37BCA124}.Debug|x64.ActiveCfg = Debug|x64
		{BE18570E-D5D8-49B2-8079-4CAC37BCA124}.Debug|x64.Build.0 = Debug|x64
		{BE18570E-D5D8-49B2-8079-4CAC37BCA124}.Debug|x86.ActiveCfg = Debug|Win32
		{BE18570E-D5D8-49B2-8079-4CAC37BCA124}.Debug|x86.Build.0 = Debug|Win32
		{BE18570E-D5D8-49B2-8079-4CAC37BCA124}.Release|x64.ActiveCfg = Release|x64
		{BE18570E-D5D8-49B2-8079-4CAC37BCA124}.Release|x64.Build.0 = Release|x64
		{BE18570E-D5D8-49B2-8079-4CAC37BCA124}.Release|x86.ActiveCfg = Release|Win32
		{BE18570E-D5D8-49B2-8079-4CAC37BCA124}.Release|x86.Build.0 = Release|Win32
		{EB4FA752-E8A3-44E9-AA4D-C9DECCE4182D}.Debug|x64.ActiveCfg = Debug|x64
		{EB4FA752-E8A3-44E9-AA4D-C9DECCE4182D}.Debug|x64.Build.0 = Debug|x64
		{EB4FA752-E8A3-44E9-AA4D-C9DECCE4182D}.Debug|x86.ActiveCfg = Debug|Win32
		{EB4FA752-E8A3-44E9-AA4D-C9DECCE4182D}.Debug|x86.Build.0 = Debug|Win32
		{EB4FA752-E8A3-44E9-AA4D-C9DECCE4182D}.Release|x64.ActiveCfg = Release|x64
		{EB4FA752-E8A3-44E9-AA4D-C9DECCE4182D}.Release|x64.Build.0 = Release|x64
		{EB4FA752-E8A3-44E9-AA4D-C9DECCE4182D}.Release|x86.ActiveCfg = Release|Win32
		{EB4FA752-E8A3-44E9-AA4D-C9DECCE4182D}.Release|x86.Build.0 = Release|Win32
		{01ABBA40-B7F0-475A-A9F4-29944EE93332}.Debug|x64.ActiveCfg = Debug|x64
		{01ABBA40-B7F0-475A-A9F4-29944EE93332}.Debug|x64.Build.0 = Debug|x64
		{01ABBA40-B7F0-475A-A9F4-29944EE93332}.Debug|x86.ActiveCfg = Debug|Win32
		{01ABBA40-B7F0-475A-A9F4-29944EE93332}.Debug|x86.Build.0 = Debug|Win32
		{01ABBA40-B7F0-475A-A9F4-29944EE93332}.Release|x64.ActiveCfg = Release|x64
		{01ABBA40-B7F0-475A-A9F4-29944EE93332}.Release|x64.Build.0 = Release|x64
		{01ABBA40-B7F0-475A-A9F4-29944EE93332}.Release|x86.ActiveCfg = Release|Win32
		{01ABBA40-B7F0-475A-A9F4-29944EE93332}.Release|x86.Build.0 = Release|Win32
		{DDAC1DCB-9AC1-4F3A-8B5C-C6B85C2FF1E1}.Debug|x64.ActiveCfg = Debug|x64
		{DDAC1DCB-9AC1-4F3A-8B5C-C6B85C2FF1E1}.Debug|x64.Build.0 = Debug|x64
		{DDAC1DCB-9AC1-4F3A-8B5C-C6B85C2FF1E1}.Debug|x86.ActiveCfg = Debug|Win32
		{DDAC1DCB-9AC1-4F3A-8B5C-C6B85C2FF1E1}.Debug|x86.Build.0 = Debug|Win32
		{DDAC1DCB-9AC1-4F3A-8B5C-C6B85C2FF1E1}.Release|x64.ActiveCfg = Release|x64
		{DDAC1DCB-9AC1-4F3A-8B5C-C6B85C2FF1E1}.Release|x64.Build.0 = Release|x64
		{DDAC1DCB-9AC1-4F3A-8B5C-C6B85C2FF1E1}.Release|x86.ActiveCfg = Release|Win32
		{DDAC1DCB-9AC1-4F3A-8B5C-C6B85C2FF1E1}.Release|x86.Build.0 = Release|Win32
		{A37639F2-9E49-433E-A2AC-BD3B7EA33D63}.Debug|x64.ActiveCfg = Debug|x64
		{A37639F2-9E49-433E-A2AC-BD3B7EA33D63}.Debug|x64.Build.0 = Debug|x64
		{A37639F2-9E49-433E-A2AC-BD3B7EA33D63}.Debug|x86.ActiveCfg = Debug|Win32
		{A37639F2-9E49-433E-A2AC-BD3B7EA33D63}.Debug|x86.Build.0 = Debug|Win32
		{A37639F2-9E49-433E-A2AC-BD3B7EA33D63}.Release|x64.ActiveCfg = Release|x64
		{A37639F2-9E49-433E-A2AC-BD3B7EA33D63}.Release|x64.Build.0 = Release|x64
		{A37639F2-9E49-433E-A2AC-BD3B7EA33D63}.Release|x86.ActiveCfg = Release|Win32
		{A37639F2-9E49-433E-A2AC-BD3B7EA33D63}.Release|x86.Build.0 = Release|Win32
		{62D7F95D-5C7E-45B1-8F71-D94CD65FF544}.Debug|x64.ActiveCfg = Debug|x64
		{62D7F95D-5C7E-45B1-8F71-D94CD65FF544}.Debug|x64.Build.0 = Debug|x64
		{62D7F95D-5C7E-45B1-8F71-D94CD65FF544}.Debug|x86.ActiveCfg = Debug|Win32
		{62D7F95D-5C7E-45B1-8F71-D94CD65FF544}.Debug|x86.Build.0 = Debug|Win32
		{62D7F95D-5C7E-45B1-8F71-D94CD65FF544}.Release|x64.ActiveCfg = Release|x64
		{62D7F95D-5C7E-45B1-8F71-D94CD65FF544}.Release|x64.Build.0 = Release|x64
		{62D7F95D-5C7E-45B1-8F71-D94CD65FF544}.Release|x86.ActiveCfg = Release|Win32
		{62D7F95D-5C7E-45B1-8F71-D94CD65FF544}.Release|x86.Build.0 = Release|Win32
		{A2AD4264-23C6-4679-A1C9-E20B9FD335FB}.Debug|x64.ActiveCfg = Debug|x64
		{A2AD4264-23C6-4679-A1C9-E20B9FD335FB}.Debug|x64.Build.0 = Debug|x64
		{A2AD4264-23C6-4679-A1C9-E20B9FD335FB}.Debug|x86.ActiveCfg = Debug|Win32
		{A2AD4264-23C6-4679-A1C9-E20B9FD335FB}.Debug|x86.Build.0 = Debug|Win32
		{A2AD4264-23C6-4679-A1C9-E20B9FD335FB}.Release|x64.ActiveCfg = Release|x64
		{A2AD4264-23C6-4679-A1C9-E20B9FD335FB}.Release|x64.Build.0 = Release|x64
		{A2AD4264-23C6-4679-A1C9-E20B9FD335FB}.Release|x86.ActiveCfg = Release|Win32
		{A2AD4264-23C6-4679-A1C9-E20B9FD335FB}.Release|x86.Build.0 = Release|Win32
		{30A178CF-F5B4-4605-880F-05CB6E29F925}.Debug|x64.ActiveCfg = Debug|x64
		{30A178CF-F5B4-4605-880F-05CB6E29F925}.Debug|x64.Build.0 = Debug|x64
		{30A178CF-F5B4-4605-880F-05CB6E29F925}.Debug|x86.ActiveCfg = Debug|Win32
		{30A178CF-F5B4-4605-880F-05CB6E29F925}.Debug|x86.Build.0 = Debug|Win32
		{30A178CF-F5B4-4605-880F-05CB6E29F925}.Release|x64.ActiveCfg = Release|x64
		{30A178CF-F5B4-4605-880F-05CB6E29F925}.Release|x64.Build.0 = Release|x64
		{30A178CF-F5B4-4605-880F-05CB6E29F925}.Release|x86.ActiveCfg = Release|Win32
		{30A178CF-F5B4-4605-880F-05CB6E29F925}.Release|x86.Build.0 = Release|Win32
		{5AAD8875-66EC-400A-938B-F5A6C1EE8B1D}.Debug|x64.ActiveCfg = Debug|x64
		{5AAD8875-66EC-400A-938B-F5A6C1EE8B1D}.Debug|x64.Build.0 = Debug|x64
		{5AAD8875-66EC-400A-938B-F5A6C1EE8B1D}.Debug|x86.ActiveCfg = Debug|Win32
		{5AAD8875-66EC-400A-938B-F5A6C1EE8B1D}.Debug|x86.Build.0 = Debug|Win32
		{5AAD8875-66EC-400A-938B-F5A6C1EE8B1D}.Release|x64.ActiveCfg = Release|x64
		{5AAD8875-66EC-400A-938B-F5A6C1EE8B1D}.Release|x64.Build.0 = Release|x64
		{5AAD8875-66EC-400A-938B-F5A6C1EE8B1D}.Release|x86.ActiveCfg = Release|Win32
		{5AAD8875-66EC-400A-938B-F5A6C1EE8B1D}.Release|x86.Build.0 = Release|Win32
		{525A0DC1-CE5D-4DCF-85EC-6BF1C106BD73}.Debug|x64.ActiveCfg = Debug|x64
		{525A0DC1-CE5D-4DCF-85EC-6BF1C106BD73}.Debug|x64.Build.0 = Debug|x64
		{525A0DC1-CE5D-4DCF-85EC-6BF1C106BD73}.Debug|x86.ActiveCfg = Debug|Win32
		{525A0DC1-CE5D-4DCF-85EC-6BF1C106BD73}.Debug|x86.Build.0 = Debug|Win32
		{525A0DC1-CE5D-4DCF-85EC-6BF1C106BD73}.Release|x64.ActiveCfg = Release|x64
		{525A0DC1-CE5D-4DCF-85EC-6BF1C106BD73}.Release|x64.Build.0 = Release|x64
		{525A0DC1-CE5D-4DCF-85EC-6BF1C106BD73}.Release|x86.ActiveCfg = Release|Win32
		{525A0DC1-CE5D-4DCF-85EC-6BF1C106BD73}.Release|x86.Build.0 = Release|Win32
		{3C317C46-65EC-421E-913C-20DF562A9E10}.Debug|x64.ActiveCfg = Debug|x64
		{3C317C46-65EC-421E-913C-20DF562A9E10}.Debug|x64.Build.0 = Debug|x64
		{3C317C46-65EC-421E-913C-20DF562A9E10}.Debug|x86.ActiveCfg = Debug|Win32
		{3C317C46-65EC-421E-913C-20DF562A9E10}.Debug|x86.Build.0 = Debug|Win32
		{3C317C46-65EC-421E-913C-20DF562A9E10}.Release|x64.ActiveCfg = Release|x64
		{3C317C46-65EC-421E-913C-20DF562A9E10}.Release|x64.Build.0 = Release|x64
		{3C317C46-65EC-421E-913C-20DF562A9E10}.Release|x86.ActiveCfg = Release|Win32
		{3C317C46-65EC-421E-913C-20DF562A9E10}.Release|x86.Build.0 = Release|Win32
		{44B762DD-317C-4799-9485-BF4EF1258F65}.Debug|x64.ActiveCfg = Debug|x64
		{44B762DD-317C-4799-9485-BF4EF1258F65}.Debug|x64.Build.0 = Debug|x64
		{44B762DD-317C-4799-9485-BF4EF1258F65}.Debug|x86.ActiveCfg = Debug|Win32
		{44B762DD-317C-4799-9485-BF4EF1258F65}.Debug|x86.Build.0 = Debug|Win32
		{44B762DD-317C-4799-9485-BF4EF1258F65}.Release|x64.ActiveCfg = Release|x64
		{44B762DD-317C-4799-9485-BF4EF1258F65}.Release|x64.Build.0 = Release|x64
		{44B762DD-317C-4799-9485-BF4EF1258F65}.Release|x86.ActiveCfg = Release|Win32
		{44B762DD-317C-4799-9485-BF4EF1258F65}.Release|x86.Build.0 = Release|Win32
		{001D8E03-1F67-4A3C-B909-2B0DD2E8D545}.Debug|x64.ActiveCfg = Debug|x64
		{001D8E03-1F67-4A3C-B909-2B0DD2E8D545}.Debug|x64.Build.0 = Debug|x64
		{001D8E03-1F67-4A3C-B909-2B0DD2E8D545}.Debug|x86.ActiveCfg = Debug|Win32
		{001D8E03-1F67-4A3C-B909-2B0DD2E8D545}.Debug|x86.Build.0 = Debug|Win32
		{001D8E03-1F67-4A3C-B909-2B0DD2E8D545}.Release|x64.ActiveCfg = Release|x64
		{001D8E03-1F67-4A3C-B909-2B0DD2E8D545}.Release|x64.Build.0 = Release|x64
		{001D8E03-1F67-4A3C-B909-2B0DD2E8D545}.Release|x86.ActiveCfg = Release|Win32
		{001D8E03-1F67-4A3C-B909-2B0DD2E8D545}.Release|x86.Build.0 = Release|Win32
		{0179940B-EABB-4D43-B7BB-7DCA2F291DB2}.Debug|x64.ActiveCfg = Debug|x64
		{0179940B-EABB-4D43-B7BB-7DCA2F291DB2}.Debug|x64.Build.0 = Debug|x64
		{0179940B-EABB-4D43-B7BB-7DCA2F291DB2}.Debug|x86.ActiveCfg = Debug|Win32
		{0179940B-EABB-4D43-B7BB-7DCA2F291DB2}.Debug|x86.Build.0 = Debug|Win32
		{0179940B-EABB-4D43-B7BB-7DCA2F291DB2}.Release|x64.ActiveCfg = Release|x64
		{0179940B-EABB-4D43-B7BB-7DCA2F291DB2}.Release|x64.Build.0 = Release|x64
		{0179940B-EABB-4D43-B7BB-7DCA2F291DB2}.Release|x86.ActiveCfg = Release|Win32
		{0179940B-EABB-4D43-B7BB-7DCA2F291DB2}.Release|x86.Build.0 = Release|Win32
		{63DE68C4-75A6-48EA-AA27-E81B4DE0767F}.Debug|x64.ActiveCfg = Debug|x64
		{63DE68C4-75A6-48EA-AA27-E81B4DE0767F}.Debug|x64.Build.0 = Debug|x64
		{63DE68C4-75A6-48EA-AA27-E81B4DE0767F}.Debug|x86.ActiveCfg = Debug|Win32
		{63DE68C4-75A6-48EA-AA27-E81B4DE0767F}.Debug|x86.Build.0 = Debug|Win32
		{63DE68C4-75A6-48EA-AA27-E81B4DE0767F}.Release|x64.ActiveCfg = Release|x64
		{63DE68C4-75A6-48EA-AA27-E81B4DE0767F}.Release|x64.Build.0 = Release|x64
		{63DE68C4-75A6-48EA-AA27-E81B4DE0767F}.Release|x86.ActiveCfg = Release|Win32
		{63DE68C4-75A6-48EA-AA27-E81B4DE0767F}.Release|x86.Build.0 = Release|Win32
		{886BAC54-C5B2-48AD-A768-5FBDCF9D575D}.Debug|x64.ActiveCfg = Debug|x64
		{886BAC54-C5B2-48AD-A768-5FBDCF9D575D}.Debug|x64.Build.0 = Debug|x64
		{886BAC54-C5B2-48AD-A768-5FBDCF9D575D}.Debug|x86.ActiveCfg = Debug|Win32
		{886BAC54-C5B2-48AD-A768-5FBDCF9D575D}.Debug|x86.Build.0 = Debug|Win32
		{886BAC54-C5B2-48AD-A768-5FBDCF9D575D}.Release|x64.ActiveCfg = Release|x64
		{886BAC54-C5B2-48AD-A768-5FBDCF9D575D}.Release|x64.Build.0 = Release|x64
		{886BAC54-C5B2-48AD-A768-5FBDCF9D575D}.Release|x86.ActiveCfg = Release|Win32
		{886BAC54-C5B2-48AD-A768-5FBDCF9D575D}.Release|x86.Build.0 = Release|Win32
		{8B7964CC-C754-4122-88ED-67D18AA68AC5}.Debug|x64.ActiveCfg = Debug|x64
		{8B7964CC-C754-4122-88ED-67D18AA68AC5}.Debug|x64.Build.0 = Debug|x64
		{8B7964CC-C754-4122-88ED-67D18AA68AC5}.Debug|x86.ActiveCfg = Debug|Win32
		{8B7964CC-C754-4122-88ED-67D18AA68AC5}.Debug|x86.Build.0 = Debug|Win32
		{8B7964CC-C754-4122-88ED-67D18AA68AC5}.Release|x64.ActiveCfg = Release|x64
		{8B7964CC-C754-4122-88ED-67D18AA68AC5}.Release|x64.Build.0 = Release|x64
		{8B7964CC-C754-4122-88ED-67D18AA68AC5}.Release|x86.ActiveCfg = Release|Win32
		{8B7964CC-C754-4122-88ED-67D18AA68AC5}.Release|x86.Build.0 = Release|Win32
		{B09F049B-553C-4993-AA67-938C030015BD}.Debug|x64.ActiveCfg = Debug|x64
		{B09F049B-553C-4993-AA67-938C030015BD}.Debug|x64.Build.0 = Debug|x64
		{B09F049B-553C-4993-AA67-938C030015BD}.Debug|x86.ActiveCfg = Debug|Win32
		{B09F049B-553C-4993-AA67-938C030015BD}.Debug|x86.Build.0 = Debug|Win32
		{B09F049B-553C-4993-AA67-938C030015BD}.Release|x64.ActiveCfg = Release|x64
		{B09F049B-553C-4993-AA67-938C030015BD}.Release|x64.Build.0 = Release|x64
		{B09F049B-553C-4993-AA67-938C030015BD}.Release|x86.ActiveCfg = Release|Win32
		{B09F049B-553C-4993-AA67-938C030015BD}.Release|x86.Build.0 = Release|Win32
		{7B8D5962-2408-4CE7-BB52-90D1B11AC74C}.Debug|x64.ActiveCfg = Debug|x64
		{7B8D5962-2408-4CE7-BB52-90D1B11AC74C}.Debug|x64.Build.0 = Debug|x64
		{7B8D5962-2408-4CE7-BB52-90D1B11AC74C}.Debug|x86.ActiveCfg = Debug|Win32
		{7B8D5962-2408-4CE7-BB52-90D1B11AC74C}.Debug|x86.Build.0 = Debug|Win32
		{7B8D5962-2408-4CE7-BB52-90D1B11AC74C}.Release|x64.ActiveCfg = Release|x64
		{7B8D5962-2408-4CE7-BB52-90D1B11AC74C}.Release|x64.Build.0 = Release|x64
		{7B8D5962-2408-4CE7-BB52-90D1B11AC74C}.Release|x86.ActiveCfg = Release|Win32
		{7B8D5962-2408-4CE7-BB52-90D1B11AC74C}.Release|x86.Build.0 = Release|Win32
		{96589082-D6B7-477F-BCF8-FD56B01422C7}.Debug|x64.ActiveCfg = Debug|x64
		{96589082-D6B7-477F-BCF8-FD56B01422C7}.Debug|x64.Build.0 = Debug|x64
		{96589082-D6B7-477F-BCF8-FD56B01422C7}.Debug|x86.ActiveCfg = Debug|Win32
		{96589082-D6B7-477F-BCF8-FD56B01422C7}.Debug|x86.Build.0 = Debug|Win32
		{96589082-D6B7-477F-BCF8-FD56B01422C7}.Release|x64.ActiveCfg = Release|x64
		{96589082-D6B7-477F-BCF8-FD56B01422C7}.Release|x64.Build.0 = Release|x64
		{96589082-D6B7-477F-BCF8-FD56B01422C7}.Release|x86.ActiveCfg = Release|Win32
		{96589082-D6B7-477F-BCF8-FD56B01422C7}.Release|x86.Build.0 = Release|Win32
		{933637B8-E97D-49F7-AE49-714B41A8A194}.Debug|x64.ActiveCfg = Debug|x64
		{933637B8-E97D-49F7-AE49-714B41A8A194}.Debug|x64.Build.0 = Debug|x64
		{933637B8-E97D-49F7-AE49-714B41A8A194}.Debug|x86.ActiveCfg = Debug|Win32
		{933637B8-E97D-49F7-AE49-714B41A8A194}.Debug|x86.Build.0 = Debug|Win32
		{933637B8-E97D-49F7-AE49-714B41A8A194}.Release|x64.ActiveCfg = Release|x64
		{933637B8-E97D-49F7-AE49-714B41A8A194}.Release|x64.Build.0 = Release|x64
		{933637B8-E97D-49F7-AE49-714B41A8A194}.Release|x86.ActiveCfg = Release|Win32
		{933637B8-E97D-49F7-AE49-714B41A8A194}.Release|x86.Build.0 = Release|Win32
		{81AB5A11-4B78-4CA2-AFEF-1BF1315806DB}.Debug|x64.ActiveCfg = Debug|x64
		{81AB5A11-4B78-4CA2-AFEF-1BF1315806DB}.Debug|x64.Build.0 = Debug|x64
		{81AB5A11-4B78-4CA2-AFEF-1BF1315806DB}.Debug|x86.ActiveCfg = Debug|Win32
		{81AB5A11-4B78-4CA2-AFEF-1BF1315806DB}.Debug|x86.Build.0 = Debug|Win32
		{81AB5A11-4B78-4CA2-AFEF-1BF1315806DB}.Release|x64.ActiveCfg = Release|x64
		{81AB5A11-4B78-4CA2-AFEF-1BF1315806DB}.Release|x64.Build.0 = Release|x64
		{81AB5A11-4B78-4CA2-AFEF-1BF1315806DB}.Release|x86.ActiveCfg = Release|Win32
		{81AB5A11-4B78-4CA2-AFEF-1BF1315806DB}.Release|x86.Build.0 = Release|Win32
		{386657C3-5CF0-4EBB-8C8C-7ABCE58F2B8A}.Debug|x64.ActiveCfg = Debug|x64
		{386657C3-5CF0-4EBB-8C8C-7ABCE58F2B8A}.Debug|x64.Build.0 = Debug|x64
		{386657C3-5CF0-4EBB-8C8C-7ABCE58F2B8A}.Debug|x86.ActiveCfg = Debug|Win32
		{386657C3-5CF0-4EBB-8C8C-7ABCE58F2B8A}.Debug|x86.Build.0 = Debug|Win32
		{386657C3-5CF0-4EBB-8C8C-7ABCE58F2B8A}.Release|x64.ActiveCfg = Release|x64
		{386657C3-5CF0-4EBB-8C8C-7ABCE58F2B8A}.Release|x64.Build.0 = Release|x64
		{386657C3-5CF0-4EBB-8C8C-7ABCE58F2B8A}.Release|x86.ActiveCfg = Release|Win32
		{386657C3-5CF0-4EBB-8C8C-7ABCE58F2B8A}.Release|x86.Build.0 = Release|Win32
		{F8F47907-3739-4A8D-9517-2193FF1B13B4}.Debug|x64.ActiveCfg = Debug|x64
		{F8F47907-3739-4A8D-9517-2193FF1B13B4}.Debug|x64.Build.0 = Debug|x64
		{F8F47907-3739-4A8D-9517-2193FF1B13B4}.Debug|x86.ActiveCfg = Debug|Win32
		{F8F47907-3739-4A8D-9517-2193FF1B13B4}.Debug|x86.Build.0 = Debug|Win32
		{F8F47907-3739-4A8D-9517-2193FF1B13B4}.Release|x64.ActiveCfg = Release|x64
		{F8F47907-3739-4A8D-9517-2193FF1B13B4}.Release|x64.Build.0 = Release|x64
		{F8F47907-3739-4A8D-9517-2193FF1B13B4}.Release|x86.ActiveCfg = Release|Win32
		{F8F47907-3739-4A8D-9517-2193FF1B13B4}.Release|x86.Build.0 = Release|Win32
		{83BCF770-0205-4A20-99F2-32A26962D2B2}.Debug|x64.ActiveCfg = Debug|x64
		{83BCF770-0205-4A20-99F2-32A26962D2B2}.Debug|x64.Build.0 = Debug|x64
		{83BCF770-0205-4A20-99F2-32A26962D2B2}.Debug|x86.ActiveCfg = Debug|Win32
		{83BCF770-0205-4A20-99F2-32A26962D2B2}.Debug|x86.Build.0 = Debug|Win32
		{83BCF770-0205-4A20-99F2-32A26962D2B2}.Release|x64.ActiveCfg = Release|x64
		{83BCF770-0205-4A20-99F2-32A26962D2B2}.Release|x64.Build.0 = Release|x64
		{83BCF770-0205-4A20-99F2-32A26962D2B2}.Release|x86.ActiveCfg = Release|Win32
		{83BCF770-0205-4A20-99F2-32A26962D2B2}.Release|x86.Build.0 = Release|Win32
		{828CA032-641A-4DCE-93C9-816AD646A8AD}.Debug|x64.ActiveCfg = Debug|x64
		{828CA032-641A-4DCE-93C9-816AD646A8AD}.Debug|x64.Build.0 = Debug|x64
		{828CA032-641A-4DCE-93C9-816AD646A8AD}.Debug|x86.ActiveCfg = Debug|Win32
		{828CA032-641A-4DCE-93C9-816AD646A8AD}.Debug|x86.Build.0 = Debug|Win32
		{828CA032-641A-4DCE-93C9-816AD646A8AD}.Release|x64.ActiveCfg = Release|x64
		{828CA032-641A-4DCE-93C9-816AD646A8AD}.Release|x64.Build.0 = Release|x64
		{828CA032-641A-4DCE-93C9-816AD646A8AD}.Release|x86.ActiveCfg = Release|Win32
		{828CA032-641A-4DCE-93C9-816AD646A8AD}.Release|x86.Build.0 = Release|Win32
		{B3BF5E25-F2F5-40AA-85ED-1E8C65809ACD}.Debug|x64.ActiveCfg = Debug|x64
		{B3BF5E25-F2F5-40AA-85ED-1E8C65809ACD}.Debug|x64.Build.0 = Debug|x64
		{B3BF5E25-F2F5-40AA-85ED-1E8C65809ACD}.Debug|x86.ActiveCfg = Debug|Win32
		{B3BF5E25-F2F5-40AA-85ED-1E8C65809ACD}.Debug|x86.Build.0 = Debug|Win32
		{B3BF5E25-F2F5-40AA-85ED-1E8C65809ACD}.Release|x64.ActiveCfg = Release|x64
		{B3BF5E25-F2F5-40AA-85ED-1E8C65809ACD}.Release|x64.Build.0 = Release|x64
		{B3BF5E25-F2F5-40AA-85ED-1E8C65809ACD}.Release|x86.ActiveCfg = Release|Win32
		{B3BF5E25-F2F5-40AA-85ED-1E8C65809ACD}.Release|x86.Build.0 = Release|Win32
		{53725E20-C3F6-4299-82D2-50B78CA27F1A}.Debug|x64.ActiveCfg = Debug|x64
		{53725E20-C3F6-4299-82D2-50B78CA27F1A}.Debug|x64.Build.0 = Debug|x64
		{53725E20-C3F6-4299-82D2-50B78CA27F1A}.Debug|x86.ActiveCfg = Debug|Win32
		{53725E20-C3F6-4299-82D2-50B78CA27F1A}.Debug|x86.Build.0 = Debug|Win32
		{53725E20-C3F6-4299-82D2-50B78CA27F1A}.Release|x64.ActiveCfg = Release|x64
		{53725E20-C3F6-4299-82D2-50B78CA27F1A}.Release|x64.Build.0 = Release|x64
		{53725E20-C3F6-4299-82D2-50B78CA27F1A}.Release|x86.ActiveCfg = Release|Win32
		{53725E20-C3F6-4299-82D2-50B78CA27F1A}.Release|x86.Build.0 = Release|Win32
		{E5F68844-B375-46BF-B42E-D03471E639D8}.Debug|x64.ActiveCfg = Debug|x64
		{E5F68844-B375-46BF-B42E-D03471E639D8}.Debug|x64.Build.0 = Debug|x64
		{E5F68844-B375-46BF-B42E-D03471E639D8}.Debug|x86.ActiveCfg = Debug|Win32
		{E5F68844-B375-46BF-B42E-D03471E639D8}.Debug|x86.Build.0 = Debug|Win32
		{E5F68844-B375-46BF-B42E-D03471E639D8}.Release|x64.ActiveCfg = Release|x64
		{E5F68844-B375-46BF-B42E-D03471E639D8}.Release|x64.Build.0 = Release|x64
		{E5F68844-B375-46BF-B42E-D03471E639D8}.Release|x86.ActiveCfg = Release|Win32
		{E5F68844-B375-46BF-B42E-D03471E639D8}.Release|x86.Build.0 = Release|Win32
		{1A6F6B9C-D93E-4ED0-8EF9-C37426F7D7E1}.Debug|x64.ActiveCfg = Debug|x64
		{1A6F6B9C-D93E-4ED0-8EF9-C37426F7D7E1}.Debug|x64.Build.0 = Debug|x64
		{1A6F6B9C-D93E-4ED0-8EF9-C37426F7D7E1}.Debug|x86.ActiveCfg = Debug|Win32
		{1A6F6B9C-D93E-4ED0-8EF9-C37426F7D7E1}.Debug|x86.Build.0 = Debug|Win32
		{1A6F6B9C-D93E-4ED0-8EF9-C37426F7D7E1}.Release|x64.ActiveCfg = Release|x64
		{1A6F6B9C-D93E-4ED0-8EF9-C37426F7D7E1}.Release|x64.Build.0 = Release|x64
		{1A6F6B9C-D93E-4ED0-8EF9-C37426F7D7E1}.Release|x86.ActiveCfg = Release|Win32
		{1A6F6B9C-D93E-4ED0-8EF9-C37426F7D7E1}.Release|x86.Build.0 = Release|Win32
		{67BEC718-E46D-4D95-89CA-20E2312FE6D5}.Debug|x64.ActiveCfg = Debug|x64
		{67BEC718-E46D-4D95-89CA-20E2312FE6D5}.Debug|x64.Build.0 = Debug|x64
		{67BEC718-E46D-4D95-89CA-20E2312FE6D5}.Debug|x86.ActiveCfg = Debug|Win32
		{67BEC718-E46D-4D95-89CA-20E2312FE6D5}.Debug|x86.Build.0 = Debug|Win32
		{67BEC718-E46D-4D95-89CA-20E2312FE6D5}.Release|x64.ActiveCfg = Release|x64
		{67BEC718-E46D-4D95-89CA-20E2312FE6D5}.Release|x64.Build.0 = Release|x64
		{67BEC718-E46D-4D95-89CA-20E2312FE6D5}.Release|x86.ActiveCfg = Release|Win32
		{67BEC718-E46D-4D95-89CA-20E2312FE6D5}.Release|x86.Build.0 = Release|Win32
		{E6A51DFE-A292-4906-8497-67A26343AE88}.Debug|x64.ActiveCfg = Debug|x64
		{E6A51DFE-A292-4906-8497-67A26343AE88}.Debug|x64.Build.0 = Debug|x64
		{E6A51DFE-A292-4906-8497-67A26343AE88}.Debug|x86.ActiveCfg = Debug|Win32
		{E6A51DFE-A292-4906-8497-67A26343AE88}.Debug|x86.Build.0 = Debug|Win32
		{E6A51DFE-A292-4906-8497-67A26343AE88}.Release|x64.ActiveCfg = Release|x64
		{E6A51DFE-A292-4906-8497-67A26343AE88}.Release|x64.Build.0 = Release|x64
		{E6A51DFE-A292-4906-8497-67A26343AE88}.Release|x86.ActiveCfg = Release|Win32
		{E6A51DFE-A292-4906-8497-67A26343AE88}.Release|x86.Build.0 = Release|Win32
		{7FC032CD-7459-47D0-85DF-AC7F2D10B2C5}.Debug|x64.ActiveCfg = Debug|x64
		{7FC032CD-7459-47D0-85DF-AC7F2D10B2C5}.Debug|x64.Build.0 = Debug|x64
		{7FC032CD-7459-47D0-85DF-AC7F2D10B2C5}.Debug|x86.ActiveCfg = Debug|Win32
		{7FC032CD-7459-47D0-85DF-AC7F2D10B2C5}.Debug|x86.Build.0 = Debug|Win32
		{7FC032CD-7459-47D0-85DF-AC7F2D10B2C5}.Release|x64.ActiveCfg = Release|x64
		{7FC032CD-7459-47D0-85DF-AC7F2D10B2C5}.Release|x64.Build.0 = Release|x64
		{7FC032CD-7459-47D0-85DF-AC7F2D10B2C5}.Release|x86.ActiveCfg = Release|Win32
		{7FC032CD-7459-47D0-85DF-AC7F2D10B2C5}.Release|x86.Build.0 = Release|Win32
		{C2863781-F689-4A20-BD2E-9BF87F9D5A9E}.Debug|x64.ActiveCfg = Debug|x64
		{C2863781-F689-4A20-BD2E-9BF87F9D5A9E}.Debug|x64.Build.0 = Debug|x64
		{C2863781-F689-4A20-BD2E-9BF87F9D5A9E}.Debug|x86.ActiveCfg = Debug|Win32
		{C2863781-F689-4A20-BD2E-9BF87F9D5A9E}.Debug|x86.Build.0 = Debug|Win32
		{C2863781-F689-4A20-BD2E-9BF87F9D5A9E}.Release|x64.ActiveCfg = Release|x64
		{C2863781-F689-4A20-BD2E-9BF87F9D5A9E}.Release|x64.Build.0 = Release|x64
		{C2863781-F689-4A20-BD2E-9BF87F9D5A9E}.Release|x86.ActiveCfg = Release|Win32
		{C2863781-F689-4A20-BD2E-9BF87F9D5A9E}.Release|x86.Build.0 = Release|Win32
		{71ED4946-46DC-4B3E-839F-E81D19A85541}.Debug|x64.ActiveCfg = Debug|x64
		{71ED4946-46DC-4B3E-839F-E81D19A85541}.Debug|x64.Build.0 = Debug|x64
		{71ED4946-46DC-4B3E-839F-E81D19A85541}.Debug|x86.ActiveCfg = Debug|Win32
		{71ED4946-46DC-4B3E-839F-E81D19A85541}.Debug|x86.Build.0 = Debug|Win32
		{71ED4946-46DC-4B3E-839F-E81D19A85541}.Release|x64.ActiveCfg = Release|x64
		{71ED4946-46DC-4B3E-839F-E81D19A85541}.Release|x64.Build.0 = Release|x64
		{71ED4946-46DC-4B3E-839F-E81D19A85541}.Release|x86.ActiveCfg = Release|Win32
		{71ED4946-46DC-4B3E-839F-E81D19A85541}.Release|x86.Build.0 = Release|Win32
		{E22E56A2-5E30-46DD-A8E4-CA3211B79FAE}.Debug|x64.ActiveCfg = Debug|x64
		{E22E56A2-5E30-46DD-A8E4-CA3211B79FAE}.Debug|x64.Build.0 = Debug|x64
		{E22E56A2-5E30-46DD-A8E4-CA3211B79FAE}.Debug|x86.ActiveCfg = Debug|Win32
		{E22E56A2-5E30-46DD-A8E4-CA3211B79FAE}.Debug|x86.Build.0 = Debug|Win32
		{E22E56A2-5E30-46DD-A8E4-CA3211B79FAE}.Release|x64.ActiveCfg = Release|x64
		{E22E56A2-5E30-46DD-A8E4-CA3211B79FAE}.Release|x64.Build.0 = Release|x64
		{E22E56A2-5E30-46DD-A8E4-CA3211B79FAE}.Release|x86.ActiveCfg = Release|Win32
		{E22E56A2-5E30-46DD-A8E4-CA3211B79FAE}.Release|x86.Build.0 = Release|Win32
		{AD8620D0-E8FE-4B67-A4B3-CBC88EF3ADD6}.Debug|x64.ActiveCfg = Debug|x64
		{AD8620D0-E8FE-4B67-A4B3-CBC88EF3ADD6}.Debug|x64.Build.0 = Debug|x64
		{AD8620D0-E8FE-4B67-A4B3-CBC88EF3ADD6}.Debug|x86.ActiveCfg = Debug|Win32
		{AD8620D0-E8FE-4B67-A4B3-CBC88EF3ADD6}.Debug|x86.Build.0 = Debug|Win32
		{AD8620D0-E8FE-4B67-A4B3-CBC88EF3ADD6}.Release|x64.ActiveCfg = Release|x64
		{AD8620D0-E8FE-4B67-A4B3-CBC88EF3ADD6}.Release|x64.Build.0 = Release|x64
		{AD8620D0-E8FE-4B67-A4B3-CBC88EF3ADD6}.Release|x86.ActiveCfg = Release|Win32
		{AD8620D0-E8FE-4B67-A4B3-CBC88EF3ADD6}.Release|x86.Build.0 = Release|Win32
		{C0442A06-02DE-4DAB-A445-295464F44FFF}.Debug|x64.ActiveCfg = Debug|x64
		{C0442A06-02DE-4DAB-A445-295464F44FFF}.Debug|x64.Build.0 = Debug|x64
		{C0442A06-02DE-4DAB-A445-295464F44FFF}.Debug|x86.ActiveCfg = Debug|Win32
		{C0442A06-02DE-4DAB-A445-295464F44FFF}.Debug|x86.Build.0 = Debug|Win32
		{C0442A06-02DE-4DAB-A445-295464F44FFF}.Release|x64.ActiveCfg = Release|x64
		{C0442A06-02DE-4DAB-A445-295464F44FFF}.Release|x64.Build.0 = Release|x64
		{C0442A06-02DE-4DAB-A445-295464F44FFF}.Release|x86.ActiveCfg = Release|Win32
		{C0442A06-02DE-4DAB-A445-295464F44FFF}.Release|x86.Build.0 = Release|Win32
		{3457BCAE-8953-4FE5-B55C-DDDEBA1D08D5}.Debug|x64.ActiveCfg = Debug|x64
		{3457BCAE-8953-4FE5-B55C-DDDEBA1D08D5}.Debug|x64.Build.0 = Debug|x64
		{3457BCAE-8953-4FE5-B55C-DDDEBA1D08D5}.Debug|x86.ActiveCfg = Debug|Win32
		{3457BCAE-8953-4FE5-B55C-DDDEBA1D08D5}.Debug|x86.Build.0 = Debug|Win32
		{3457BCAE-8953-4FE5-B55C-DDDEBA1D08D5}.Release|x64.ActiveCfg = Release|x64
		{3457BCAE-8953-4FE5-B55C-DDDEBA1D08D5}.Release|x64.Build.0 = Release|x64
		{3457BCAE-8953-4FE5-B55C-DDDEBA1D08D5}.Release|x86.ActiveCfg = Release|Win32
		{3457BCAE-8953-4FE5-B55C-DDDEBA1D08D5}.Release|x86.Build.0 = Release|Win32
		{0920C7B2-59AA-4AB9-98CF-D8EC2BCB81CA}.Debug|x64.ActiveCfg = Debug|x64
		{0920C7B2-59AA-4AB9-98CF-D8EC2BCB81CA}.Debug|x64.Build.0 = Debug|x64
		{0920C7B2-59AA-4AB9-98CF-D8EC2BCB81CA}.Debug|x86.ActiveCfg = Debug|Win32
		{0920C7B2-59AA-4AB9-98CF-D8EC2BCB81CA}.Debug|x86.Build.0 = Debug|Win32
		{0920C7B2-59AA-4AB9-98CF-D8EC2BCB81CA}.Release|x64.ActiveCfg = Release|x64
		{0920C7B2-59AA-4AB9-98CF-D8EC2BCB81CA}.Release|x64.Build.0 = Release|x64
		{0920C7B2-59AA-4AB9-98CF-D8EC2BCB81CA}.Release|x86.ActiveCfg = Release|Win32
		{0920C7B2-59AA-4AB9-98CF-D8EC2BCB81CA}.Release|x86.Build.0 = Release|Win32
		{473061B6-AA59-482B-A6DF-AEDAEECE24ED}.Debug|x64.ActiveCfg = Debug|x64
		{473061B6-AA59-482B-A6DF-AEDAEECE24ED}.Debug|x64.Build.0 = Debug|x64
		{473061B6-AA59-482B-A6DF-AEDAEECE24ED}.Debug|x86.ActiveCfg = Debug|Win32
		{473061B6-AA59-482B-A6DF-AEDAEECE24ED}.Debug|x86.Build.0 = Debug|Win32
		{473061B6-AA59-482B-A6DF-AEDAEECE24ED}.Release|x64.ActiveCfg = Release|x64
		{473061B6-AA59-482B-A6DF-AEDAEECE24ED}.Release|x64.Build.0 = Release|x64
		{473061B6-AA59-482B-A6DF-AEDAEECE24ED}.Release|x86.ActiveCfg = Release|Win32
		{473061B6-AA59-482B-A6DF-AEDAEECE24ED}.Release|x86.Build.0 = Release|Win32
		{E327780B-81BF-4718-B0D0-0EE532869EB3}.Debug|x64.ActiveCfg = Debug|x64
		{E327780B-81BF-4718-B0D0-0EE532869EB3}.Debug|x64.Build.0 = Debug|x64
		{E327780B-81BF-4718-B0D0-0EE532869EB3}.Debug|x86.ActiveCfg = Debug|Win32
		{E327780B-81BF-4718-B0D0-0EE532869EB3}.Debug|x86.Build.0 = Debug|Win32
		{E327780B-81BF-4718-B0D0-0EE532869EB3}.Release|x64.ActiveCfg = Release|x64
		{E327780B-81BF-4718-B0D0-0EE532869EB3}.Release|x64.Build.0 = Release|x64
		{E327780B-81BF-4718-B0D0-0EE532869EB3}.Release|x86.ActiveCfg = Release|Win32
		{E327780B-81BF-4718-B0D0-0EE532869EB3}.Release|x86.Build.0 = Release|Win32
		{9CFB0B2B-57A6-4B3B-BC1C-95711B91809C}.Debug|x64.ActiveCfg = Debug|x64
		{9CFB0B2B-57A6-4B3B-BC1C-95711B91809C}.Debug|x64.Build.0 = Debug|x64
		{9CFB0B2B-57A6-4B3B-BC1C-95711B91809C}.Debug|x86.ActiveCfg = Debug|Win32
		{9CFB0B2B-57A6-4B3B-BC1C-95711B91809C}.Debug|x86.Build.0 = Debug|Win32
		{9CFB0B2B-57A6-4B3B-BC1C-95711B91809C}.Release|x64.ActiveCfg = Release|x64
		{9CFB0B2B-57A6-4B3B-BC1C-95711B91809C}.Release|x64.Build.0 = Release|x64
		{9CFB0B2B-57A6-4B3B-BC1C-95711B91809C}.Release|x86.ActiveCfg = Release|Win32
		{9CFB0B2B-57A6-4B3B-BC1C-95711B91809C}.Release|x86.Build.0 = Release|Win32
		{6DF97EC7-47F7-4ED8-861B-C9A0991E11BE}.Debug|x64.ActiveCfg = Debug|x64
		{6DF97EC7-47F7-4ED8-861B-C9A0991E11BE}.Debug|x64.Build.0 = Debug|x64
		{6DF97EC7-47F7-4ED8-861B-C9A0991E11BE}.Debug|x86.ActiveCfg = Debug|Win32
		{6DF97EC7-47F7-4ED8-861B-C9A0991E11BE}.Debug|x86.Build.0 = Debug|Win32
		{6DF97EC7-47F7-4ED8-861B-C9A0991E11BE}.Release|x64.ActiveCfg = Release|x64
		{6DF97EC7-47F7-4ED8-861B-C9A0991E11BE}.Release|x64.Build.0 = Release|x64
		{6DF97EC7-47F7-4ED8-861B-C9A0991E11BE}.Release|x86.ActiveCfg = Release|Win32
		{6DF97EC7-47F7-4ED8-861B-C9A0991E11BE}.Release|x86.Build.0 = Release|Win32
		{C983ED18-9920-49DB-AD06-78318D117A5F}.Debug|x64.ActiveCfg = Debug|x64
		{C983ED18-9920-49DB-AD06-78318D117A5F}.Debug|x64.Build.0 = Debug|x64
		{C983ED18-9920-49DB-AD06-78318D117A5F}.Debug|x86.ActiveCfg = Debug|Win32
		{C983ED18-9920-49DB-AD06-78318D117A5F}.Debug|x86.Build.0 = Debug|Win32
		{C983ED18-9920-49DB-AD06-78318D117A5F}.Release|x64.ActiveCfg = Release|x64
		{C983ED18-9920-49DB-AD06-78318D117A5F}.Release|x64.Build.0 = Release|x64
		{C983ED18-9920-49DB-AD06-78318D117A5F}.Release|x86.ActiveCfg = Release|Win32
		{C983ED18-9920-49DB-AD06-78318D117A5F}.Release|x86.Build.0 = Release|Win32
		{A5B59E6D-6753-4C01-A8B3-37737E4274AD}.Debug|x64.ActiveCfg = Debug|x64
		{A5B59E6D-6753-4C01-A8B3-37737E4274AD}.Debug|x64.Build.0 = Debug|x64
		{A5B59E6D-6753-4C01-A8B3-37737E4274AD}.Debug|x86.ActiveCfg = Debug|Win32
		{A5B59E6D-6753-4C01-A8B3-37737E4274AD}.Debug|x86.Build.0 = Debug|Win32
		{A5B59E6D-6753-4C01-A8B3-37737E4274AD}.Release|x64.ActiveCfg = Release|x64
		{A5B59E6D-6753-4C01-A8B3-37737E4274AD}.Release|x64.Build.0 = Release|x64
		{A5B59E6D-6753-4C01-A8B3-37737E4274AD}.Release|x86.ActiveCfg = Release|Win32
		{A5B59E6D-6753-4C01-A8B3-37737E4274AD}.Release|x86.Build.0 = Release|Win32
		{20874D3C-813D-4124-BE2F-B6EA0C3C1F29}.Debug|x64.ActiveCfg = Debug|x64
		{20874D3C-813D-4124-BE2F-B6EA0C3C1F29}.Debug|x64.Build.0 = Debug|x64
		{20874D3C-813D-4124-BE2F-B6EA0C3C1F29}.Debug|x86.ActiveCfg = Debug|Win32
		{20874D3C-813D-4124-BE2F-B6EA0C3C1F29}.Debug|x86.Build.0 = Debug|Win32
		{20874D3C-813D-4124-BE2F-B6EA0C3C1F29}.Release|x64.ActiveCfg = Release|x64
		{20874D3C-813D-4124-BE2F-B6EA0C3C1F29}.Release|x64.Build.0 = Release|x64
		{20874D3C-813D-4124-BE2F-B6EA0C3C1F29}.Release|x86.ActiveCfg = Release|Win32
		{20874D3C-813D-4124-BE2F-B6EA0C3C1F29}.Release|x86.Build.0 = Release|Win32
		{CF251C39-8685-498A-87AE-2F2EF4A05775}.Debug|x64.ActiveCfg = Debug|x64
		{CF251C39-8685-498A-87AE-2F2EF4A05775}.Debug|x64.Build.0 = Debug|x64
		{CF251C39-8685-498A-87AE-2F2EF4A05775}.Debug|x86.ActiveCfg = Debug|Win32
		{CF251C39-8685-498A-87AE-2F2EF4A05775}.Debug|x86.Build.0 = Debug|Win32
		{CF251C39-8685-498A-87AE-2F2EF4A05775}.Release|x64.ActiveCfg = Release|x64
		{CF251C39-8685-498A-87AE-2F2EF4A05775}.Release|x64.Build.0 = Release|x64
		{CF251C39-8685-498A-87AE-2F2EF4A05775}.Release|x86.ActiveCfg = Release|Win32
		{CF251C39-8685-498A-87AE-2F2EF4A05775}.Release|x86.Build.0 = Release|Win32
		{DF4A4EB0-84D6-40D5-8F57-BA3F7493A94A}.Debug|x64.ActiveCfg = Debug|x64
		{DF4A4EB0-84D6-40D5-8F57-BA3F7493A94A}.Debug|x64.Build.0 = Debug|x64
		{DF4A4EB0-84D6-40D5-8F57-BA3F7493A94A}.Debug|x86.ActiveCfg = Debug|Win32
		{DF4A4EB0-84D6-40D5-8F57-BA3F7493A94A}.Debug|x86.Build.0 = Debug|Win32
		{DF4A4EB0-84D6-40D5-8F57-BA3F7493A94A}.Release|x64.ActiveCfg = Release|x64
		{DF4A4EB0-84D6-40D5-8F57-BA3F7493A94A}.Release|x64.Build.0 = Release|x64
		{DF4A4EB0-84D6-40D5-8F57-BA3F7493A94A}.Release|x86.ActiveCfg = Release|Win32
		{DF4A4EB0-84D6-40D5-8F57-BA3F7493A94A}.Release|x86.Build.0 = Release|Win32
		{2C42FB01-FBB9-4A26-88E5-C136E36D1DD4}.Debug|x64.ActiveCfg = Debug|x64
		{2C42FB01-FBB9-4A26-88E5-C136E36D1DD4}.Debug|x64.Build.0 = Debug|x64
		{2C42FB01-FBB9-4A26-88E5-C136E36D1DD4}.Debug|x86.ActiveCfg = Debug|Win32
		{2C42FB01-FBB9-4A26-88E5-C136E36D1DD4}.Debug|x86.Build.0 = Debug|Win32
		{2C42FB01-FBB9-4A26-88E5-C136E36D1DD4}.Release|x64.ActiveCfg = Release|x64
		{2C42FB01-FBB9-4A26-88E5-C136E36D1DD4}.Release|x64.Build.0 = Release|x64
		{2C42FB01-FBB9-4A26-88E5-C136E36D1DD4}.Release|x86.ActiveCfg = Release|Win32
		{2C42FB01-FBB9-4A26-88E5-C136E36D1DD4}.Release|x86.Build.0 = Release|Win32
		{CA95F2EB-8CAA-4BC7-8921-877939A59930}.Debug|x64.ActiveCfg = Debug|x64
		{CA95F2EB-8CAA-4BC7-8921-877939A59930}.Debug|x64.Build.0 = Debug|x64
		{CA95F2EB-8CAA-4BC7-8921-877939A59930}.Debug|x86.ActiveCfg = Debug|Win32
		{CA95F2EB-8CAA-4BC7-8921-877939A59930}.Debug|x86.Build.0 = Debug|Win32
		{CA95F2EB-8CAA-4BC7-8921-877939A59930}.Release|x64.ActiveCfg = Release|x64
		{CA95F2EB-8CAA-4BC7-8921-877939A59930}.Release|x64.Build.0 = Release|x64
		{CA95F2EB-8CAA-4BC7-8921-877939A59930}.Release|x86.ActiveCfg = Release|Win32
		{CA95F2EB-8CAA-4BC7-8921-877939A59930}.Release|x86.Build.0 = Release|Win32
		{BBDDB4F6-2BDC-44AA-8551-C02976E37974}.Debug|x64.ActiveCfg = Debug|x64
		{BBDDB4F6-2BDC-44AA-8551-C02976E37974}.Debug|x64.Build.0 = Debug|x64
		{BBDDB4F6-2BDC-44AA-8551-C02976E37974}.Debug|x86.ActiveCfg = Debug|Win32
		{BBDDB4F6-2BDC-44AA-8551-C02976E37974}.Debug|x86.Build.0 = Debug|Win32
		{BBDDB4F6-2BDC-44AA-8551-C02976E37974}.Release|x64.ActiveCfg = Release|x64
		{BBDDB4F6-2BDC-44AA-8551-C02976E37974}.Release|x64.Build.0 = Release|x64
		{BBDDB4F6-2BDC-44AA-8551-C02976E37974}.Release|x86.ActiveCfg = Release|Win32
		{BBDDB4F6-2BDC-44AA-8551-C02976E37974}.Release|x86.Build.0 = Release|Win32
		{502085EC-1E00-460A-8447-FEFCE5828B08}.Debug|x64.ActiveCfg = Debug|x64
		{502085EC-1E00-460A-8447-FEFCE5828B08}.Debug|x64.Build.0 = Debug|x64
		{502085EC-1E00-460A-8447-FEFCE5828B08}.Debug|x86.ActiveCfg = Debug|Win32
		{502085EC-1E00-460A-8447-FEFCE5828B08}.Debug|x86.Build.0 = Debug|Win32
		{502085EC-1E00-460A-8447-FEFCE5828B08}.Release|x64.ActiveCfg = Release|x64
		{502085EC-1E00-460A-8447-FEFCE5828B08}.Release|x64.Build.0 = Release|x64
		{502085EC-1E00-460A-8447-FEFCE5828B08}.Release|x86.ActiveCfg = Release|Win32
		{502085EC-1E00-460A-8447-FEFCE5828B08}.Release|x86.Build.0 = Release|Win32
		{4EFAB4BB-33AD-40C2-8164-E9B9068E0D31}.Debug|x64.ActiveCfg = Debug|x64
		{4EFAB4BB-33AD-40C2-8164-E9B9068E0D31}.Debug|x64.Build.0 = Debug|x64
		{4EFAB4BB-33AD-40C2-8164-E9B9068E0D31}.Debug|x86.ActiveCfg = Debug|Win32
		{4EFAB4BB-33AD-40C2-8164-E9B9068E0D31}.Debug|x86.Build.0 = Debug|Win32
		{4EFAB4BB-33AD-40C2-8164-E9B9068E0D31}.Release|x64.ActiveCfg = Release|x64
		{4EFAB4BB-33AD-40C2-8164-E9B9068E0D31}.Release|x64.Build.0 = Release|x64
		{4EFAB4BB-33AD-40C2-8164-E9B9068E0D31}.Release|x86.ActiveCfg = Release|Win32
		{4EFAB4BB-33AD-40C2-8164-E9B9068E0D31}.Release|x86.Build.0 = Release|Win32
		{0FED9029-D58A-4929-906A-58EE9A6DF965}.Debug|x64.ActiveCfg = Debug|x64
		{0FED9029-D58A-4929-906A-58EE9A6DF965}.Debug|x64.Build.0 = Debug|x64
		{0FED9029-D58A-4929-906A-58EE9A6DF965}.Debug|x86.ActiveCfg = Debug|Win32
		{0FED9029-D58A-4929-906A-58EE9A6DF965}.Debug|x86.Build.0 = Debug|Win32
		{0FED9029-D58A-4929-906A-58EE9A6DF965}.Release|x64.ActiveCfg = Release|x64
		{0FED9029-D58A-4929-906A-58EE9A6DF965}.Release|x64.Build.0 = Release|x64
		{0FED9029-D58A-4929-906A-58EE9A6DF965}.Release|x86.ActiveCfg = Release|Win32
		{0FED9029-D58A-4929-906A-58EE9A6DF965}.Release|x86.Build.0 = Release|Win32
		{BDE34BAF-2006-4CAA-99E2-0C1F58D42F0E}.Debug|x64.ActiveCfg = Debug|x64
		{BDE34BAF-2006-4CAA-99E2-0C1F58D42F0E}.Debug|x64.Build.0 = Debug|x64
		{BDE34BAF-2006-4CAA-99E2-0C1F58D42F0E}.Debug|x86.ActiveCfg = Debug|Win32
		{BDE34BAF-2006-4CAA-99E2-0C1F58D42F0E}.Debug|x86.Build.0 = Debug|Win32
		{BDE34BAF-2006-4CAA-99E2-0C1F58D42F0E}.Release|x64.ActiveCfg = Release|x64
		{BDE34BAF-2006-4CAA-99E2-0C1F58D42F0E}.Release|x64.Build.0 = Release|x64
		{BDE34BAF-2006-4CAA-99E2-0C1F58D42F0E}.Release|x86.ActiveCfg = Release|Win32
		{BDE34BAF-2006-4CAA-99E2-0C1F58D42F0E}.Release|x86.Build.0 = Release|Win32
		{DF2B8C95-E0CF-485A-AAAD-17C6DFE9B70D}.Debug|x64.ActiveCfg = Debug|x64
		{DF2B8C95-E0CF-485A-AAAD-17C6DFE9B70D}.Debug|x64.Build.0 = Debug|x64
		{DF2B8C95-E0CF-485A-AAAD-17C6DFE9B70D}.Debug|x86.ActiveCfg = Debug|Win32
		{DF2B8C95-E0CF-485A-AAAD-17C6DFE9B70D}.Debug|x86.Build.0 = Debug|Win32
		{DF2B8C95-E0CF-485A-AAAD-17C6DFE9B70D}.Release|x64.ActiveCfg = Release|x64
		{DF2B8C95-E0CF-485A-AAAD-17C6DFE9B70D}.Release|x64.Build.0 = Release|x64
		{DF2B8C95-E0CF-485A-AAAD-17C6DFE9B70D}.Release|x86.ActiveCfg = Release|Win32
		{DF2B8C95-E0CF-485A-AAAD-17C6DFE9B70D}.Release|x86.Build.0 = Release|Win32
		{A8921246-8372-4B4F-940C-E5A5962E8D16}.Debug|x64.ActiveCfg = Debug|x64
		{A8921246-8372-4B4F-940C-E5A5962E8D16}.Debug|x64.Build.0 = Debug|x64
		{A8921246-8372-4B4F-940C-E5A5962E8D16}.Debug|x86.ActiveCfg = Debug|Win32
		{A8921246-8372-4B4F-940C-E5A5962E8D16}.Debug|x86.Build.0 = Debug|Win32
		{A8921246-8372-4B4F-940C-E5A5962E8D16}.Release|x64.ActiveCfg = Release|x64
		{A8921246-8372-4B4F-940C-E5A5962E8D16}.Release|x64.Build.0 = Release|x64
		{A8921246-8372-4B4F-940C-E5A5962E8D16}.Release|x86.ActiveCfg = Release|Win32
		{A8921246-8372-4B4F-940C-E5A5962E8D16}.Release|x86.Build.0 = Release|Win32
		{0D446B35-5C55-4F26-96E1-DB5EBE18ADF2}.Debug|x64.ActiveCfg = Debug|x64
		{0D446B35-5C55-4F26-96E1-DB5EBE18ADF2}.Debug|x64.Build.0 = Debug|x64
		{0D446B35-5C55-4F26-96E1-DB5EBE18ADF2}.Debug|x86.ActiveCfg = Debug|Win32
		{0D446B35-5C55-4F26-96E1-DB5EBE18ADF2}.Debug|x86.Build.0 = Debug|Win32
		{0D446B35-5C55-4F26-96E1-DB5EBE18ADF2}.Release|x64.ActiveCfg = Release|x64
		{0D446B35-5C55-4F26-96E1-DB5EBE18ADF2}.Release|x64.Build.0 = Release|x64
		{0D446B35-5C55-4F26-96E1-DB5EBE18ADF2}.Release|x86.ActiveCfg = Release|Win32
		{0D446B35-5C55-4F26-96E1-DB5EBE18ADF2}.Release|x86.Build.0 = Release|Win32
		{769CE863-0685-42C0-AB5F-84F6C681BC3C}.Debug|x64.ActiveCfg = Debug|x64
		{769CE863-0685-42C0-AB5F-84F6C681BC3C}.Debug|x64.Build.0 = Debug|x64
		{769CE863-0685-42C0-AB5F-84F6C681BC3C}.Debug|x86.ActiveCfg = Debug|Win32
		{769CE863-0685-42C0-AB5F-84F6C681BC3C}.Debug|x86.Build.0 = Debug|Win32
		{769CE863-0685-42C0-AB5F-84F6C681BC3C}.Release|x64.ActiveCfg = Release|x64
		{769CE863-0685-42C0-AB5F-84F6C681BC3C}.Release|x64.Build.0 = Release|x64
		{769CE863-0685-42C0-AB5F-84F6C681BC3C}.Release|x86.ActiveCfg = Release|Win32
		{769CE863-0685-42C0-AB5F-84F6C681BC3C}.Release|x86.Build.0 = Release|Win32
		{34168F9B-A253-4675-BA7A-80B079D397DD}.Debug|x64.ActiveCfg = Debug|x64
		{34168F9B-A253-4675-BA7A-80B079D397DD}.Debug|x64.Build.0 = Debug|x64
		{34168F9B-A253-4675-BA7A-80B079D397DD}.Debug|x86.ActiveCfg = Debug|Win32
		{34168F9B-A253-4675-BA7A-80B079D397DD}.Debug|x86.Build.0 = Debug|Win32
		{34168F9B-A253-4675-BA7A-80B079D397DD}.Release|x64.ActiveCfg = Release|x64
		{34168F9B-A253-4675-BA7A-80B079D397DD}.Release|x64.Build.0 = Release|x64
		{34168F9B-A253-4675-BA7A-80B079D397DD}.Release|x86.ActiveCfg = Release|Win32
		{34168F9B-A253-4675-BA7A-80B079D397DD}.Release|x86.Build.0 = Release|Win32
		{28E6393F-0D31-4595-A94B-AEDC6391FEB6}.Debug|x64.ActiveCfg = Debug|x64
		{28E6393F-0D31-4595-A94B-AEDC6391FEB6}.Debug|x64.Build.0 = Debug|x64
		{28E6393F-0D31-4595-A94B-AEDC6391FEB6}.Debug|x86.ActiveCfg = Debug|Win32
		{28E6393F-0D31-4595-A94B-AEDC6391FEB6}.Debug|x86.Build.0 = Debug|Win32
		{28E6393F-0D31-4595-A94B-AEDC6391FEB6}.Release|x64.ActiveCfg = Release|x64
		{28E6393F-0D31-4595-A94B-AEDC6391FEB6}.Release|x64.Build.0 = Release|x64
		{28E6393F-0D31-4595-A94B-AEDC6391FEB6}.Release|x86.ActiveCfg = Release|Win32
		{28E6393F-0D31-4595-A94B-AEDC6391FEB6}.Release|x86.Build.0 = Release|Win32
		{0DAF571A-0967-450B-9E1F-148575943665}.Debug|x64.ActiveCfg = Debug|x64
		{0DAF571A-0967-450B-9E1F-148575943665}.Debug|x64.Build.0 = Debug|x64
		{0DAF571A-0967-450B-9E1F-148575943665}.Debug|x86.ActiveCfg = Debug|Win32
		{0DAF571A-0967-450B-9E1F-148575943665}.Debug|x86.Build.0 = Debug|Win32
		{0DAF571A-0967-450B-9E1F-148575943665}.Release|x64.ActiveCfg = Release|x64
		{0DAF571A-0967-450B-9E1F-148575943665}.Release|x64.Build.0 = Release|x64
		{0DAF571A-0967-450B-9E1F-148575943665}.Release|x86.ActiveCfg = Release|Win32
		{0DAF571A-0967-450B-9E1F-148575943665}.Release|x86.Build.0 = Release|Win32
		{FE3F4F05-35D1-4885-8659-C89CADCE0F27}.Debug|x64.ActiveCfg = Debug|x64
		{FE3F4F05-35D1-4885-8659-C89CADCE0F27}.Debug|x64.Build.0 = Debug|x64
		{FE3F4F05-35D1-4885-8659-C89CADCE0F27}.Debug|x86.ActiveCfg = Debug|Win32
		{FE3F4F05-35D1-4885-8659-C89CADCE0F27}.Debug|x86.Build.0 = Debug|Win32
		{FE3F4F05-35D1-4885-8659-C89CADCE0F27}.Release|x64.ActiveCfg = Release|x64
		{FE3F4F05-35D1-4885-8659-C89CADCE0F27}.Release|x64.Build.0 = Release|x64
		{FE3F4F05-35D1-4885-8659-C89CADCE0F27}.Release|x86.ActiveCfg = Release|Win32
		{FE3F4F05-35D1-4885-8659-C89CADCE0F27}.Release|x86.Build.0 = Release|Win32
		{94960A9F-4593-4DBF-B1D8-2FF585A568E3}.Debug|x64.ActiveCfg = Debug|x64
		{94960A9F-4593-4DBF-B1D8-2FF585A568E3}.Debug|x64.Build.0 = Debug|x64
		{94960A9F-4593-4DBF-B1D8-2FF585A568E3}.Debug|x86.ActiveCfg = Debug|Win32
		{94960A9F-4593-4DBF-B1D8-2FF585A568E3}.Debug|x86.Build.0 = Debug|Win32
		{94960A9F-4593-4DBF-B1D8-2FF585A568E3}.Release|x64.ActiveCfg = Release|x64
		{94960A9F-4593-4DBF-B1D8-2FF585A568E3}.Release|x64.Build.0 = Release|x64
		{94960A9F-4593-4DBF-B1D8-2FF585A568E3}.Release|x86.ActiveCfg = Release|Win32
		{94960A9F-4593-4DBF-B1D8-2FF585A568E3}.Release|x86.Build.0 = Release|Win32
		{02B7F036-EC33-495B-98E7-E3DA1F37D1AD}.Debug|x64.ActiveCfg = Debug|x64
		{02B7F036-EC33-495B-98E7-E3DA1F37D1AD}.Debug|x64.Build.0 = Debug|x64
		{02B7F036-EC33-495B-98E7-E3DA1F37D1AD}.Debug|x86.ActiveCfg = Debug|Win32
		{02B7F036-EC33-495B-98E7-E3DA1F37D1AD}.Debug|x86.Build.0 = Debug|Win32
		{02B7F036-EC33-495B-98E7-E3DA1F37D1AD}.Release|x64.ActiveCfg = Release|x64
		{02B7F036-EC33-495B-98E7-E3DA1F37D1AD}.Release|x64.Build.0 = Release|x64
		{02B7F036-EC33-495B-98E7-E3DA1F37D1AD}.Release|x86.ActiveCfg = Release|Win32
		{02B7F036-EC33-495B-98E7-E3DA1F37D1AD}.Release|x86.Build.0 = Release|Win32
		{0CDC1CF3-811A-4BA5-932F-082AF0107640}.Debug|x64.ActiveCfg = Debug|x64
		{0CDC1CF3-811A-4BA5-932F-082AF0107640}.Debug|x64.Build.0 = Debug|x64
		{0CDC1CF3-811A-4BA5-932F-082AF0107640}.Debug|x86.ActiveCfg = Debug|Win32
		{0CDC1CF3-811A-4BA5-932F-082AF0107640}.Debug|x86.Build.0 = Debug|Win32
		{0CDC1CF3-811A-4BA5-932F-082AF0107640}.Release|x64.ActiveCfg = Release|x64
		{0CDC1CF3-811A-4BA5-932F-082AF0107640}.Release|x64.Build.0 = Release|x64
		{0CDC1CF3-811A-4BA5-932F-082AF0107640}.Release|x86.ActiveCfg = Release|Win32
		{0CDC1CF3-811A-4BA5-932F-082AF0107640}.Release|x86.Build.0 = Release|Win32
		{CCAB9153-F20A-40B9-82D1-76BA4DF3BFF0}.Debug|x64.ActiveCfg = Debug|x64
		{CCAB9153-F20A-40B9-82D1-76BA4DF3BFF0}.Debug|x64.Build.0 = Debug|x64
		{CCAB9153-F20A-40B9-82D1-76BA4DF3BFF0}.Debug|x86.ActiveCfg = Debug|Win32
		{CCAB9153-F20A-40B9-82D1-76BA4DF3BFF0}.Debug|x86.Build.0 = Debug|Win32
		{CCAB9153-F20A-40B9-82D1-76BA4DF3BFF0}.Release|x64.ActiveCfg = Release|x64
		{CCAB9153-F20A-40B9-82D1-76BA4DF3BFF0}.Release|x64.Build.0 = Release|x64
		{CCAB9153-F20A-40B9-82D1-76BA4DF3BFF0}.Release|x86.ActiveCfg = Release|Win32
		{CCAB9153-F20A-40B9-82D1-76BA4DF3BFF0}.Release|x86.Build.0 = Release|Win32
		{8C4EFED4-22A3-4247-A190-03975021D1D2}.Debug|x64.ActiveCfg = Debug|x64
		{8C4EFED4-22A3-4247-A190-03975021D1D2}.Debug|x64.Build.0 = Debug|x64
		{8C4EFED4-22A3-4247-A190-03975021D1D2}.Debug|x86.ActiveCfg = Debug|Win32
		{8C4EFED4-22A3-4247-A190-03975021D1D2}.Debug|x86.Build.0 = Debug|Win32
		{8C4EFED4-22A3-4247-A190-03975021D1D2}.Release|x64.ActiveCfg = Release|x64
		{8C4EFED4-22A3-4247-A190-03975021D1D2}.Release|x64.Build.0 = Release|x64
		{8C4EFED4-22A3-4247-A190-03975021D1D2}.Release|x86.ActiveCfg = Release|Win32
		{8C4EFED4-22A3-4247-A190-03975021D1D2}.Release|x86.Build.0 = Release|Win32
		{87D4A5F6-0ED1-4B60-9562-46D14942B534}.Debug|x64.ActiveCfg = Debug|x64
		{87D4A5F6-0ED1-4B60-9562-46D14942B534}.Debug|x64.Build.0 = Debug|x64
		{87D4A5F6-0ED1-4B60-9562-46D14942B534}.Debug|x86.ActiveCfg = Debug|Win32
		{87D4A5F6-0ED1-4B60-9562-46D14942B534}.Debug|x86.Build.0 = Debug|Win32
		{87D4A5F6-0ED1-4B60-9562-46D14942B534}.Release|x64.ActiveCfg = Release|x64
		{87D4A5F6-0ED1-4B60-9562-46D14942B534}.Release|x64.Build.0 = Release|x64
		{87D4A5F6-0ED1-4B60-9562-46D14942B534}.Release|x86.ActiveCfg = Release|Win32
		{87D4A5F6-0ED1-4B60-9562-46D14942B534}.Release|x86.Build.0 = Release|Win32
		{B3C3D6AA-6D25-496D-9E33-2722613D2B1A}.Debug|x64.ActiveCfg = Debug|x64
		{B3C3D6AA-6D25-496D-9E33-2722613D2B1A}.Debug|x64.Build.0 = Debug|x64
		{B3C3D6AA-6D25-496D-9E33-2722613D2B1A}.Debug|x86.ActiveCfg = Debug|Win32
		{B3C3D6AA-6D25-496D-9E33-2722613D2B1A}.Debug|x86.Build.0 = Debug|Win32
		{B3C3D6AA-6D25-496D-9E33-2722613D2B1A}.Release|x64.ActiveCfg = Release|x64
		{B3C3D6AA-6D25-496D-9E33-2722613D2B1A}.Release|x64.Build.0 = Release|x64
		{B3C3D6AA-6D25-496D-9E33-2722613D2B1A}.Release|x86.ActiveCfg = Release|Win32
		{B3C3D6AA-6D25-496D-9E33-2722613D2B1A}.Release|x86.Build.0 = Release|Win32
		{197A0FA4-6D0D-4B14-844B-C7DA2BF7E416}.Debug|x64.ActiveCfg = Debug|x64
		{197A0FA4-6D0D-4B14-844B-C7DA2BF7E416}.Debug|x64.Build.0 = Debug|x64
		{197A0FA4-6D0D-4B14-844B-C7DA2BF7E416}.Debug|x86.ActiveCfg = Debug|Win32
		{197A0FA4-6D0D-4B14-844B-C7DA2BF7E416}.Debug|x86.Build.0 = Debug|Win32
		{197A0FA4-6D0D-4B14-844B-C7DA2BF7E416}.Release|x64.ActiveCfg = Release|x64
		{197A0FA4-6D0D-4B14-844B-C7DA2BF7E416}.Release|x64.Build.0 = Release|x64
		{197A0FA4-6D0D-4B14-844B-C7DA2BF7E416}.Release|x86.ActiveCfg = Release|Win32
		{197A0FA4-6D0D-4B14-844B-C7DA2BF7E416}.Release|x86.Build.0 = Release|Win32
		{F2E1AFFA-68DB-474A-BD30-41B7CD67BA6F}.Debug|x64.ActiveCfg = Debug|x64
		{F2E1AFFA-68DB-474A-BD30-41B7CD67BA6F}.Debug|x64.Build.0 = Debug|x64
		{F2E1AFFA-68DB-474A-BD30-41B7CD67BA6F}.Debug|x86.ActiveCfg = Debug|Win32
		{F2E1AFFA-68DB-474A-BD30-41B7CD67BA6F}.Debug|x86.Build.0 = Debug|Win32
		{F2E1AFFA-68DB-474A-BD30-41B7CD67BA6F}.Release|x64.ActiveCfg = Release|x64
		{F2E1AFFA-68DB-474A-BD30-41B7CD67BA6F}.Release|x64.Build.0 = Release|x64
		{F2E1AFFA-68DB-474A-BD30-41B7CD67BA6F}.Release|x86.ActiveCfg = Release|Win32
		{F2E1AFFA-68DB-474A-BD30-41B7CD67BA6F}.Release|x86.Build.0 = Release|Win32
		{F95EF6E9-79A4-442D-BC50-ACFEB3F2C36D}.Debug|x64.ActiveCfg = Debug|x64
		{F95EF6E9-79A4-442D-BC50-ACFEB3F2C36D}.Debug|x64.Build.0 = Debug|x64
		{F95EF6E9-79A4-442D-BC50-ACFEB3F2C36D}.Debug|x86.ActiveCfg = Debug|Win32
		{F95EF6E9-79A4-442D-BC50-ACFEB3F2C36D}.Debug|x86.Build.0 = Debug|Win32
		{F95EF6E9-79A4-442D-BC50-ACFEB3F2C36D}.Release|x64.ActiveCfg = Release|x64
		{F95EF6E9-79A4-442D-BC50-ACFEB3F2C36D}.Release|x64.Build.0 = Release|x64
		{F95EF6E9-79A4-442D-BC50-ACFEB3F2C36D}.Release|x86.ActiveCfg = Release|Win32
		{F95EF6E9-79A4-442D-BC50-ACFEB3F2C36D}.Release|x86.Build.0 = Release|Win32
		{AD84F29B-EE49-4852-860F-F7DD6F71E303}.Debug|x64.ActiveCfg = Debug|x64
		{AD84F29B-EE49-4852-860F-F7DD6F71E303}.Debug|x64.Build.0 = Debug|x64
		{AD84F29B-EE49-4852-860F-F7DD6F71E303}.Debug|x86.ActiveCfg = Debug|Win32
		{AD84F29B-EE49-4852-860F-F7DD6F71E303}.Debug|x86.Build.0 = Debug|Win32
		{AD84F29B-EE49-4852-860F-F7DD6F71E303}.Release|x64.ActiveCfg = Release|x64
		{AD84F29B-EE49-4852-860F-F7DD6F71E303}.Release|x64.Build.0 = Release|x64
		{AD84F29B-EE49-4852-860F-F7DD6F71E303}.Release|x86.ActiveCfg = Release|Win32
		{AD84F29B-EE49-4852-860F-F7DD6F71E303}.Release|x86.Build.0 = Release|Win32
		{C7CCD288-3F8C-4E8A-84CD-C50452724D2A}.Debug|x64.ActiveCfg = Debug|x64
		{C7CCD288-3F8C-4E8A-84CD-C50452724D2A}.Debug|x64.Build.0 = Debug|x64
		{C7CCD288-3F8C-4E8A-84CD-C50452724D2A}.Debug|x86.ActiveCfg = Debug|Win32
		{C7CCD288-3F8C-4E8A-84CD-C50452724D2A}.Debug|x86.Build.0 = Debug|Win32
		{C7CCD288-3F8C-4E8A-84CD-C50452724D2A}.Release|x64.ActiveCfg = Release|x64
		{C7CCD288-3F8C-4E8A-84CD-C50452724D2A}.Release|x64.Build.0 = Release|x64
		{C7CCD288-3F8C-4E8A-84CD-C50452724D2A}.Release|x86.ActiveCfg = Release|Win32
		{C7CCD288-3F8C-4E8A-84CD-C50452724D2A}.Release|x86.Build.0 = Release|Win32
		{5375DA13-3B09-443B-8F53-8027ED4FD2DB}.Debug|x64.ActiveCfg = Debug|x64
		{5375DA13-3B09-443B-8F53-8027ED4FD2DB}.Debug|x64.Build.0 = Debug|x64
		{5375DA13-3B09-443B-8F53-8027ED4FD2DB}.Debug|x86.ActiveCfg = Debug|Win32
		{5375DA13-3B09-443B-8F53-8027ED4FD2DB}.Debug|x86.Build.0 = Debug|Win32
		{5375DA13-3B09-443B-8F53-8027ED4FD2DB}.Release|x64.ActiveCfg = Release|x64
		{5375DA13-3B09-443B-8F53-8027ED4FD2DB}.Release|x64.Build.0 = Release|x64
		{5375DA13-3B09-443B-8F53-8027ED4FD2DB}.Release|x86.ActiveCfg = Release|Win32
		{5375DA13-3B09-443B-8F53-8027ED4FD2DB}.Release|x86.Build.0 = Release|Win32
		{79D2B567-F9C4-4DFD-8983-303C94721EAF}.Debug|x64.ActiveCfg = Debug|x64
		{79D2B567-F9C4-4DFD-8983-303C94721EAF}.Debug|x64.Build.0 = Debug|x64
		{79D2B567-F9C4-4DFD-8983-303C94721EAF}.Debug|x86.ActiveCfg = Debug|Win32
		{79D2B567-F9C4-4DFD-8983-303C94721EAF}.Debug|x86.Build.0 = Debug|Win32
		{79D2B567-F9C4-4DFD-8983-303C94721EAF}.Release|x64.ActiveCfg = Release|x64
		{79D2B567-F9C4-4DFD-8983-303C94721EAF}.Release|x64.Build.0 = Release|x64
		{79D2B567-F9C4-4DFD-8983-303C94721EAF}.Release|x86.ActiveCfg = Release|Win32
		{79D2B567-F9C4-4DFD-8983-303C94721EAF}.Release|x86.Build.0 = Release|Win32
		{F7D7688C-FA0D-4160-B695-4B7C29A152E6}.Debug|x64.ActiveCfg = Debug|x64
		{F7D7688C-FA0D-4160-B695-4B7C29A152E6}.Debug|x64.Build.0 = Debug|x64
		{F7D7688C-FA0D-4160-B695-4B7C29A152E6}.Debug|x86.ActiveCfg = Debug|Win32
		{F7D7688C-FA0D-4160-B695-4B7C29A152E6}.Debug|x86.Build.0 = Debug|Win32
		{F7D7688C-FA0D-4160-B695-4B7C29A152E6}.Release|x64.ActiveCfg = Release|x64
		{F7D7688C-FA0D-4160-B695-4B7C29A152E6}.Release|x64.Build.0 = Release|x64
		{F7D7688C-FA0D-4160-B695-4B7C29A152E6}.Release|x86.ActiveCfg = Release|Win32
		{F7D7688C-FA0D-4160-B695-4B7C29A152E6}.Release|x86.Build.0 = Release|Win32
		{7271BDA4-FE8A-4C94-8EE3-CD859E301D4F}.Debug|x64.ActiveCfg = Debug|x64
		{7271BDA4-FE8A-4C94-8EE3-CD859E301D4F}.Debug|x64.Build.0 = Debug|x64
		{7271BDA4-FE8A-4C94-8EE3-CD859E301D4F}.Debug|x86.ActiveCfg = Debug|Win32
		{7271BDA4-FE8A-4C94-8EE3-CD859E301D4F}.Debug|x86.Build.0 = Debug|Win32
		{7271BDA4-FE8A-4C94-8EE3-CD859E301D4F}.Release|x64.ActiveCfg = Release|x64
		{7271BDA4-FE8A-4C94-8EE3-CD859E301D4F}.Release|x64.Build.0 = Release|x64
		{7271BDA4-FE8A-4C94-8EE3-CD859E301D4F}.Release|x86.ActiveCfg = Release|Win32
		{7271BDA4-FE8A-4C94-8EE3-CD859E301D4F}.Release|x86.Build.0 = Release|Win32
		{002B009C-F4C0-4325-B4B4-B7E5938C45DA}.Debug|x64.ActiveCfg = Debug|x64
		{002B009C-F4C0-4325-B4B4-B7E5938C45DA}.Debug|x64.Build.0 = Debug|x64
		{002B009C-F4C0-4325-B4B4-B7E5938C45DA}.Debug|x86.ActiveCfg = Debug|Win32
		{002B009C-F4C0-4325-B4B4-B7E5938C45DA}.Debug|x86.Build.0 = Debug|Win32
		{002B009C-F4C0-4325-B4B4-B7E5938C45DA}.Release|x64.ActiveCfg = Release|x64
		{002B009C-F4C0-4325-B4B4-B7E5938C45DA}.Release|x64.Build.0 = Release|x64
		{002B009C-F4C0-4325-B4B4-B7E5938C45DA}.Release|x86.ActiveCfg = Release|Win32
		{002B009C-F4C0-4325-B4B4-B7E5938C45DA}.Release|x86.Build.0 = Release|Win32
		{8EDACF81-8CEA-4013-A784-FD1D6E2EA666}.Debug|x64.ActiveCfg = Debug|x64
		{8EDACF81-8CEA-4013-A784-FD1D6E2EA666}.Debug|x64.Build.0 = Debug|x64
		{8EDACF81-8CEA-4013-A784-FD1D6E2EA666}.Debug|x86.ActiveCfg = Debug|Win32
		{8EDACF81-8CEA-4013-A784-FD1D6E2EA666}.Debug|x86.Build.0 = Debug|Win32
		{8EDACF81-8CEA-4013-A784-FD1D6E2EA666}.Release|x64.ActiveCfg = Release|x64
		{8EDACF81-8CEA-4013-A784-FD1D6E2EA666}.Release|x64.Build.0 = Release|x64
		{8EDACF81-8CEA-4013-A784-FD1D6E2EA666}.Release|x86.ActiveCfg = Release|Win32
		{8EDACF81-8CEA-4013-A784-FD1D6E2EA666}.Release|x86.Build.0 = Release|Win32
		{711ED620-6E91-49DE-B5B6-F0173EA1F968}.Debug|x64.ActiveCfg = Debug|x64
		{711ED620-6E91-49DE-B5B6-F0173EA1F968}.Debug|x64.Build.0 = Debug|x64
		{711ED620-6E91-49DE-B5B6-F0173EA1F968}.Debug|x86.ActiveCfg = Debug|Win32
		{711ED620-6E91-49DE-B5B6-F0173EA1F968}.Debug|x86.Build.0 = Debug|Win32
		{711ED620-6E91-49DE-B5B6-F0173EA1F968}.Release|x64.ActiveCfg = Release|x64
		{711ED620-6E91-49DE-B5B6-F0173EA1F968}.Release|x64.Build.0 = Release|x64
		{711ED620-6E91-49DE-B5B6-F0173EA1F968}.Release|x86.ActiveCfg = Release|Win32
		{711ED620-6E91-49DE-B5B6-F0173EA1F968}.Release|x86.Build.0 = Release|Win32
		{30A72010-4D7F-4061-A1DC-524206413E09}.Debug|x64.ActiveCfg = Debug|x64
		{30A72010-4D7F-4061-A1DC-524206413E09}.Debug|x64.Build.0 = Debug|x64
		{30A72010-4D7F-4061-A1DC-524206413E09}.Debug|x86.ActiveCfg = Debug|Win32
		{30A72010-4D7F-4061-A1DC-524206413E09}.Debug|x86.Build.0 = Debug|Win32
		{30A72010-4D7F-4061-A1DC-524206413E09}.Release|x64.ActiveCfg = Release|x64
		{30A72010-4D7F-4061-A1DC-524206413E09}.Release|x64.Build.0 = Release|x64
		{30A72010-4D7F-4061-A1DC-524206413E09}.Release|x86.ActiveCfg = Release|Win32
		{30A72010-4D7F-4061-A1DC-524206413E09}.Release|x86.Build.0 = Release|Win32
		{81CD348E-D7E3-4228-A9DD-A1598EA049C1}.Debug|x64.ActiveCfg = Debug|x64
		{81CD348E-D7E3-4228-A9DD-A1598EA049C1}.Debug|x64.Build.0 = Debug|x64
		{81CD348E-D7E3-4228-A9DD-A1598EA049C1}.Debug|x86.ActiveCfg = Debug|Win32
		{81CD348E-D7E3-4228-A9DD-A1598EA049C1}.Debug|x86.Build.0 = Debug|Win32
		{81CD348E-D7E3-4228-A9DD-A1598EA049C1}.Release|x64.ActiveCfg = Release|x64
		{81CD348E-D7E3-4228-A9DD-A1598EA049C1}.Release|x64.Build.0 = Release|x64
		{81CD348E-D7E3-4228-A9DD-A1598EA049C1}.Release|x86.ActiveCfg = Release|Win32
		{81CD348E-D7E3-4228-A9DD-A1598EA049C1}.Release|x86.Build.0 = Release|Win32
		{7E059F8F-4F94-4EFA-864F-76CA71C6E952}.Debug|x64.ActiveCfg = Debug|x64
		{7E059F8F-4F94-4EFA-864F-76CA71C6E952}.Debug|x64.Build.0 = Debug|x64
		{7E059F8F-4F94-4EFA-864F-76CA71C6E952}.Debug|x86.ActiveCfg = Debug|Win32
		{7E059F8F-4F94-4EFA-864F-76CA71C6E952}.Debug|x86.Build.0 = Debug|Win32
		{7E059F8F-4F94-4EFA-864F-76CA71C6E952}.Release|x64.ActiveCfg = Release|x64
		{7E059F8F-4F94-4EFA-864F-76CA71C6E952}.Release|x64.Build.0 = Release|x64
		{7E059F8F-4F94-4EFA-864F-76CA71C6E952}.Release|x86.ActiveCfg = Release|Win32
		{7E059F8F-4F94-4EFA-864F-76CA71C6E952}.Release|x86.Build.0 = Release|Win32
		{3000403A-8FEA-4C38-97EB-50C78B59FB88}.Debug|x64.ActiveCfg = Debug|x64
		{3000403A-8FEA-4C38-97EB-50C78B59FB88}.Debug|x64.Build.0 = Debug|x64
		{3000403A-8FEA-4C38-97EB-50C78B59FB88}.Debug|x86.ActiveCfg = Debug|Win32
		{3000403A-8FEA-4C38-97EB-50C78B59FB88}.Debug|x86.Build.0 = Debug|Win32
		{3000403A-8FEA-4C38-97EB-50C78B59FB88}.Release|x64.ActiveCfg = Release|x64
		{3000403A-8FEA-4C38-97EB-50C78B59FB88}.Release|x64.Build.0 = Release|x64
		{3000403A-8FEA-4C38-97EB-50C78B59FB88}.Release|x86.ActiveCfg = Release|Win32
		{3000403A-8FEA-4C38-97EB-50C78B59FB88}.Release|x86.Build.0 = Release|Win32
	EndGlobalSection
	GlobalSection(SolutionProperties) = preSolution
		HideSolutionNode = FALSE
	EndGlobalSection
	GlobalSection(ExtensibilityGlobals) = postSolution
		SolutionGuid = {6166ECB7-955E-4626-B6B7-A5DC5695FF90}
	EndGlobalSection
EndGlobal
