
Microsoft Visual Studio Solution File, Format Version 12.00
# Visual Studio 15
VisualStudioVersion = 15.0.28010.2036
MinimumVisualStudioVersion = 10.0.40219.1
Project("{8BC9CEB8-8B4A-11D0-8D11-00A0C91BC942}") = "LeetCode电话号码的字母组合", "ConsoleApplication4\ConsoleApplication4.vcxproj", "{ABE34C71-D43A-4F48-B43D-9074E36BDF6D}"
EndProject
Project("{8BC9CEB8-8B4A-11D0-8D11-00A0C91BC942}") = "LeetCode最接近三数之和", "LeetCode三数之和\LeetCode三数之和.vcxproj", "{6C76A878-2A80-48B1-8405-58AECC22CE05}"
EndProject
Project("{8BC9CEB8-8B4A-11D0-8D11-00A0C91BC942}") = "LeetCode_ThreeSum", "LeetCode_ThreeSum\LeetCode_ThreeSum.vcxproj", "{4E35693C-E009-4A3C-8D82-5DA06673320D}"
EndProject
Project("{8BC9CEB8-8B4A-11D0-8D11-00A0C91BC942}") = "LeetCode四数之和", "LeetCode四数之和\LeetCode四数之和.vcxproj", "{4E992B9D-FAFE-4C26-934C-BD8141BDB4E2}"
EndProject
Project("{8BC9CEB8-8B4A-11D0-8D11-00A0C91BC942}") = "LeetCode删除链表的倒数第N个节点", "LeetCode删除链表的倒数第N个节点\LeetCode删除链表的倒数第N个节点.vcxproj", "{CAFC2267-E348-43D8-BF6B-92844103AC66}"
EndProject
Project("{8BC9CEB8-8B4A-11D0-8D11-00A0C91BC942}") = "LeetCode有效的括号", "LeetCode有效的括号\LeetCode有效的括号.vcxproj", "{94220043-245E-4DA3-A228-6F9E414AEBEF}"
EndProject
Project("{8BC9CEB8-8B4A-11D0-8D11-00A0C91BC942}") = "LeetCode括号生成", "LeetCode括号生成\LeetCode括号生成.vcxproj", "{0B150FED-876A-4E97-BD27-D637C1CCD78B}"
EndProject
Project("{8BC9CEB8-8B4A-11D0-8D11-00A0C91BC942}") = "合并K个排序链表", "合并K个排序链表\合并K个排序链表.vcxproj", "{1CDE90C1-7F09-4C32-8567-53C1D4AA2882}"
EndProject
Project("{8BC9CEB8-8B4A-11D0-8D11-00A0C91BC942}") = "LeetCode-24-两两交换链表中的节点", "LeetCode-24-两两交换链表中的节点\LeetCode-24-两两交换链表中的节点.vcxproj", "{739DE533-ED77-4F21-9C7E-0867333B744B}"
EndProject
Project("{8BC9CEB8-8B4A-11D0-8D11-00A0C91BC942}") = "LeetCode-25-K个一组翻转链表", "K个一组翻转链表\K个一组翻转链表.vcxproj", "{7E564311-622F-4E7D-9EC1-88C03E6C00A2}"
EndProject
Project("{8BC9CEB8-8B4A-11D0-8D11-00A0C91BC942}") = "LeetCode-29-两数相除", "LeetCode-29-两数相除\LeetCode-29-两数相除.vcxproj", "{53665643-F431-4F91-9816-630A6F7CD03A}"
EndProject
Project("{8BC9CEB8-8B4A-11D0-8D11-00A0C91BC942}") = "LeetCode-30-串联所有单词的子串", "LeetCode-30-串联所有单词的子串\LeetCode-30-串联所有单词的子串.vcxproj", "{5C52B4EE-3EC1-4F36-9651-BA39AB6BE37A}"
EndProject
Project("{8BC9CEB8-8B4A-11D0-8D11-00A0C91BC942}") = "LeetCode-31-下一个排列", "LeetCode-31-下一个排列\LeetCode-31-下一个排列.vcxproj", "{BE18570E-D5D8-49B2-8079-4CAC37BCA124}"
EndProject
Project("{8BC9CEB8-8B4A-11D0-8D11-00A0C91BC942}") = "LeetCode-32-最长有效括号", "LeetCode-32-最长有效括号\LeetCode-32-最长有效括号.vcxproj", "{EB4FA752-E8A3-44E9-AA4D-C9DECCE4182D}"
EndProject
Project("{8BC9CEB8-8B4A-11D0-8D11-00A0C91BC942}") = "LeetCode-33-搜索旋转排序数组", "LeetCode-33-搜索旋转排序数组\LeetCode-33-搜索旋转排序数组.vcxproj", "{01ABBA40-B7F0-475A-A9F4-29944EE93332}"
EndProject
Project("{8BC9CEB8-8B4A-11D0-8D11-00A0C91BC942}") = "LeetCode-34-在排序数组中查找元素的第一个和最后一个位置", "LeetCode-34-在排序数组中查找元素的第一个和最后一个位置\LeetCode-34-在排序数组中查找元素的第一个和最后一个位置.vcxproj", "{DDAC1DCB-9AC1-4F3A-8B5C-C6B85C2FF1E1}"
EndProject
Global
	GlobalSection(SolutionConfigurationPlatforms) = preSolution
		Debug|x64 = Debug|x64
		Debug|x86 = Debug|x86
		Release|x64 = Release|x64
		Release|x86 = Release|x86
	EndGlobalSection
	GlobalSection(ProjectConfigurationPlatforms) = postSolution
		{ABE34C71-D43A-4F48-B43D-9074E36BDF6D}.Debug|x64.ActiveCfg = Debug|x64
		{ABE34C71-D43A-4F48-B43D-9074E36BDF6D}.Debug|x64.Build.0 = Debug|x64
		{ABE34C71-D43A-4F48-B43D-9074E36BDF6D}.Debug|x86.ActiveCfg = Debug|Win32
		{ABE34C71-D43A-4F48-B43D-9074E36BDF6D}.Debug|x86.Build.0 = Debug|Win32
		{ABE34C71-D43A-4F48-B43D-9074E36BDF6D}.Release|x64.ActiveCfg = Release|x64
		{ABE34C71-D43A-4F48-B43D-9074E36BDF6D}.Release|x64.Build.0 = Release|x64
		{ABE34C71-D43A-4F48-B43D-9074E36BDF6D}.Release|x86.ActiveCfg = Release|Win32
		{ABE34C71-D43A-4F48-B43D-9074E36BDF6D}.Release|x86.Build.0 = Release|Win32
		{6C76A878-2A80-48B1-8405-58AECC22CE05}.Debug|x64.ActiveCfg = Debug|x64
		{6C76A878-2A80-48B1-8405-58AECC22CE05}.Debug|x64.Build.0 = Debug|x64
		{6C76A878-2A80-48B1-8405-58AECC22CE05}.Debug|x86.ActiveCfg = Debug|Win32
		{6C76A878-2A80-48B1-8405-58AECC22CE05}.Debug|x86.Build.0 = Debug|Win32
		{6C76A878-2A80-48B1-8405-58AECC22CE05}.Release|x64.ActiveCfg = Release|x64
		{6C76A878-2A80-48B1-8405-58AECC22CE05}.Release|x64.Build.0 = Release|x64
		{6C76A878-2A80-48B1-8405-58AECC22CE05}.Release|x86.ActiveCfg = Release|Win32
		{6C76A878-2A80-48B1-8405-58AECC22CE05}.Release|x86.Build.0 = Release|Win32
		{4E35693C-E009-4A3C-8D82-5DA06673320D}.Debug|x64.ActiveCfg = Debug|x64
		{4E35693C-E009-4A3C-8D82-5DA06673320D}.Debug|x64.Build.0 = Debug|x64
		{4E35693C-E009-4A3C-8D82-5DA06673320D}.Debug|x86.ActiveCfg = Debug|Win32
		{4E35693C-E009-4A3C-8D82-5DA06673320D}.Debug|x86.Build.0 = Debug|Win32
		{4E35693C-E009-4A3C-8D82-5DA06673320D}.Release|x64.ActiveCfg = Release|x64
		{4E35693C-E009-4A3C-8D82-5DA06673320D}.Release|x64.Build.0 = Release|x64
		{4E35693C-E009-4A3C-8D82-5DA06673320D}.Release|x86.ActiveCfg = Release|Win32
		{4E35693C-E009-4A3C-8D82-5DA06673320D}.Release|x86.Build.0 = Release|Win32
		{4E992B9D-FAFE-4C26-934C-BD8141BDB4E2}.Debug|x64.ActiveCfg = Debug|x64
		{4E992B9D-FAFE-4C26-934C-BD8141BDB4E2}.Debug|x64.Build.0 = Debug|x64
		{4E992B9D-FAFE-4C26-934C-BD8141BDB4E2}.Debug|x86.ActiveCfg = Debug|Win32
		{4E992B9D-FAFE-4C26-934C-BD8141BDB4E2}.Debug|x86.Build.0 = Debug|Win32
		{4E992B9D-FAFE-4C26-934C-BD8141BDB4E2}.Release|x64.ActiveCfg = Release|x64
		{4E992B9D-FAFE-4C26-934C-BD8141BDB4E2}.Release|x64.Build.0 = Release|x64
		{4E992B9D-FAFE-4C26-934C-BD8141BDB4E2}.Release|x86.ActiveCfg = Release|Win32
		{4E992B9D-FAFE-4C26-934C-BD8141BDB4E2}.Release|x86.Build.0 = Release|Win32
		{CAFC2267-E348-43D8-BF6B-92844103AC66}.Debug|x64.ActiveCfg = Debug|x64
		{CAFC2267-E348-43D8-BF6B-92844103AC66}.Debug|x64.Build.0 = Debug|x64
		{CAFC2267-E348-43D8-BF6B-92844103AC66}.Debug|x86.ActiveCfg = Debug|Win32
		{CAFC2267-E348-43D8-BF6B-92844103AC66}.Debug|x86.Build.0 = Debug|Win32
		{CAFC2267-E348-43D8-BF6B-92844103AC66}.Release|x64.ActiveCfg = Release|x64
		{CAFC2267-E348-43D8-BF6B-92844103AC66}.Release|x64.Build.0 = Release|x64
		{CAFC2267-E348-43D8-BF6B-92844103AC66}.Release|x86.ActiveCfg = Release|Win32
		{CAFC2267-E348-43D8-BF6B-92844103AC66}.Release|x86.Build.0 = Release|Win32
		{94220043-245E-4DA3-A228-6F9E414AEBEF}.Debug|x64.ActiveCfg = Debug|x64
		{94220043-245E-4DA3-A228-6F9E414AEBEF}.Debug|x64.Build.0 = Debug|x64
		{94220043-245E-4DA3-A228-6F9E414AEBEF}.Debug|x86.ActiveCfg = Debug|Win32
		{94220043-245E-4DA3-A228-6F9E414AEBEF}.Debug|x86.Build.0 = Debug|Win32
		{94220043-245E-4DA3-A228-6F9E414AEBEF}.Release|x64.ActiveCfg = Release|x64
		{94220043-245E-4DA3-A228-6F9E414AEBEF}.Release|x64.Build.0 = Release|x64
		{94220043-245E-4DA3-A228-6F9E414AEBEF}.Release|x86.ActiveCfg = Release|Win32
		{94220043-245E-4DA3-A228-6F9E414AEBEF}.Release|x86.Build.0 = Release|Win32
		{0B150FED-876A-4E97-BD27-D637C1CCD78B}.Debug|x64.ActiveCfg = Debug|x64
		{0B150FED-876A-4E97-BD27-D637C1CCD78B}.Debug|x64.Build.0 = Debug|x64
		{0B150FED-876A-4E97-BD27-D637C1CCD78B}.Debug|x86.ActiveCfg = Debug|Win32
		{0B150FED-876A-4E97-BD27-D637C1CCD78B}.Debug|x86.Build.0 = Debug|Win32
		{0B150FED-876A-4E97-BD27-D637C1CCD78B}.Release|x64.ActiveCfg = Release|x64
		{0B150FED-876A-4E97-BD27-D637C1CCD78B}.Release|x64.Build.0 = Release|x64
		{0B150FED-876A-4E97-BD27-D637C1CCD78B}.Release|x86.ActiveCfg = Release|Win32
		{0B150FED-876A-4E97-BD27-D637C1CCD78B}.Release|x86.Build.0 = Release|Win32
		{1CDE90C1-7F09-4C32-8567-53C1D4AA2882}.Debug|x64.ActiveCfg = Debug|x64
		{1CDE90C1-7F09-4C32-8567-53C1D4AA2882}.Debug|x64.Build.0 = Debug|x64
		{1CDE90C1-7F09-4C32-8567-53C1D4AA2882}.Debug|x86.ActiveCfg = Debug|Win32
		{1CDE90C1-7F09-4C32-8567-53C1D4AA2882}.Debug|x86.Build.0 = Debug|Win32
		{1CDE90C1-7F09-4C32-8567-53C1D4AA2882}.Release|x64.ActiveCfg = Release|x64
		{1CDE90C1-7F09-4C32-8567-53C1D4AA2882}.Release|x64.Build.0 = Release|x64
		{1CDE90C1-7F09-4C32-8567-53C1D4AA2882}.Release|x86.ActiveCfg = Release|Win32
		{1CDE90C1-7F09-4C32-8567-53C1D4AA2882}.Release|x86.Build.0 = Release|Win32
		{739DE533-ED77-4F21-9C7E-0867333B744B}.Debug|x64.ActiveCfg = Debug|x64
		{739DE533-ED77-4F21-9C7E-0867333B744B}.Debug|x64.Build.0 = Debug|x64
		{739DE533-ED77-4F21-9C7E-0867333B744B}.Debug|x86.ActiveCfg = Debug|Win32
		{739DE533-ED77-4F21-9C7E-0867333B744B}.Debug|x86.Build.0 = Debug|Win32
		{739DE533-ED77-4F21-9C7E-0867333B744B}.Release|x64.ActiveCfg = Release|x64
		{739DE533-ED77-4F21-9C7E-0867333B744B}.Release|x64.Build.0 = Release|x64
		{739DE533-ED77-4F21-9C7E-0867333B744B}.Release|x86.ActiveCfg = Release|Win32
		{739DE533-ED77-4F21-9C7E-0867333B744B}.Release|x86.Build.0 = Release|Win32
		{7E564311-622F-4E7D-9EC1-88C03E6C00A2}.Debug|x64.ActiveCfg = Debug|x64
		{7E564311-622F-4E7D-9EC1-88C03E6C00A2}.Debug|x64.Build.0 = Debug|x64
		{7E564311-622F-4E7D-9EC1-88C03E6C00A2}.Debug|x86.ActiveCfg = Debug|Win32
		{7E564311-622F-4E7D-9EC1-88C03E6C00A2}.Debug|x86.Build.0 = Debug|Win32
		{7E564311-622F-4E7D-9EC1-88C03E6C00A2}.Release|x64.ActiveCfg = Release|x64
		{7E564311-622F-4E7D-9EC1-88C03E6C00A2}.Release|x64.Build.0 = Release|x64
		{7E564311-622F-4E7D-9EC1-88C03E6C00A2}.Release|x86.ActiveCfg = Release|Win32
		{7E564311-622F-4E7D-9EC1-88C03E6C00A2}.Release|x86.Build.0 = Release|Win32
		{53665643-F431-4F91-9816-630A6F7CD03A}.Debug|x64.ActiveCfg = Debug|x64
		{53665643-F431-4F91-9816-630A6F7CD03A}.Debug|x64.Build.0 = Debug|x64
		{53665643-F431-4F91-9816-630A6F7CD03A}.Debug|x86.ActiveCfg = Debug|Win32
		{53665643-F431-4F91-9816-630A6F7CD03A}.Debug|x86.Build.0 = Debug|Win32
		{53665643-F431-4F91-9816-630A6F7CD03A}.Release|x64.ActiveCfg = Release|x64
		{53665643-F431-4F91-9816-630A6F7CD03A}.Release|x64.Build.0 = Release|x64
		{53665643-F431-4F91-9816-630A6F7CD03A}.Release|x86.ActiveCfg = Release|Win32
		{53665643-F431-4F91-9816-630A6F7CD03A}.Release|x86.Build.0 = Release|Win32
		{5C52B4EE-3EC1-4F36-9651-BA39AB6BE37A}.Debug|x64.ActiveCfg = Debug|x64
		{5C52B4EE-3EC1-4F36-9651-BA39AB6BE37A}.Debug|x64.Build.0 = Debug|x64
		{5C52B4EE-3EC1-4F36-9651-BA39AB6BE37A}.Debug|x86.ActiveCfg = Debug|Win32
		{5C52B4EE-3EC1-4F36-9651-BA39AB6BE37A}.Debug|x86.Build.0 = Debug|Win32
		{5C52B4EE-3EC1-4F36-9651-BA39AB6BE37A}.Release|x64.ActiveCfg = Release|x64
		{5C52B4EE-3EC1-4F36-9651-BA39AB6BE37A}.Release|x64.Build.0 = Release|x64
		{5C52B4EE-3EC1-4F36-9651-BA39AB6BE37A}.Release|x86.ActiveCfg = Release|Win32
		{5C52B4EE-3EC1-4F36-9651-BA39AB6BE37A}.Release|x86.Build.0 = Release|Win32
		{BE18570E-D5D8-49B2-8079-4CAC37BCA124}.Debug|x64.ActiveCfg = Debug|x64
		{BE18570E-D5D8-49B2-8079-4CAC37BCA124}.Debug|x64.Build.0 = Debug|x64
		{BE18570E-D5D8-49B2-8079-4CAC37BCA124}.Debug|x86.ActiveCfg = Debug|Win32
		{BE18570E-D5D8-49B2-8079-4CAC37BCA124}.Debug|x86.Build.0 = Debug|Win32
		{BE18570E-D5D8-49B2-8079-4CAC37BCA124}.Release|x64.ActiveCfg = Release|x64
		{BE18570E-D5D8-49B2-8079-4CAC37BCA124}.Release|x64.Build.0 = Release|x64
		{BE18570E-D5D8-49B2-8079-4CAC37BCA124}.Release|x86.ActiveCfg = Release|Win32
		{BE18570E-D5D8-49B2-8079-4CAC37BCA124}.Release|x86.Build.0 = Release|Win32
		{EB4FA752-E8A3-44E9-AA4D-C9DECCE4182D}.Debug|x64.ActiveCfg = Debug|x64
		{EB4FA752-E8A3-44E9-AA4D-C9DECCE4182D}.Debug|x64.Build.0 = Debug|x64
		{EB4FA752-E8A3-44E9-AA4D-C9DECCE4182D}.Debug|x86.ActiveCfg = Debug|Win32
		{EB4FA752-E8A3-44E9-AA4D-C9DECCE4182D}.Debug|x86.Build.0 = Debug|Win32
		{EB4FA752-E8A3-44E9-AA4D-C9DECCE4182D}.Release|x64.ActiveCfg = Release|x64
		{EB4FA752-E8A3-44E9-AA4D-C9DECCE4182D}.Release|x64.Build.0 = Release|x64
		{EB4FA752-E8A3-44E9-AA4D-C9DECCE4182D}.Release|x86.ActiveCfg = Release|Win32
		{EB4FA752-E8A3-44E9-AA4D-C9DECCE4182D}.Release|x86.Build.0 = Release|Win32
		{01ABBA40-B7F0-475A-A9F4-29944EE93332}.Debug|x64.ActiveCfg = Debug|x64
		{01ABBA40-B7F0-475A-A9F4-29944EE93332}.Debug|x64.Build.0 = Debug|x64
		{01ABBA40-B7F0-475A-A9F4-29944EE93332}.Debug|x86.ActiveCfg = Debug|Win32
		{01ABBA40-B7F0-475A-A9F4-29944EE93332}.Debug|x86.Build.0 = Debug|Win32
		{01ABBA40-B7F0-475A-A9F4-29944EE93332}.Release|x64.ActiveCfg = Release|x64
		{01ABBA40-B7F0-475A-A9F4-29944EE93332}.Release|x64.Build.0 = Release|x64
		{01ABBA40-B7F0-475A-A9F4-29944EE93332}.Release|x86.ActiveCfg = Release|Win32
		{01ABBA40-B7F0-475A-A9F4-29944EE93332}.Release|x86.Build.0 = Release|Win32
		{DDAC1DCB-9AC1-4F3A-8B5C-C6B85C2FF1E1}.Debug|x64.ActiveCfg = Debug|x64
		{DDAC1DCB-9AC1-4F3A-8B5C-C6B85C2FF1E1}.Debug|x64.Build.0 = Debug|x64
		{DDAC1DCB-9AC1-4F3A-8B5C-C6B85C2FF1E1}.Debug|x86.ActiveCfg = Debug|Win32
		{DDAC1DCB-9AC1-4F3A-8B5C-C6B85C2FF1E1}.Debug|x86.Build.0 = Debug|Win32
		{DDAC1DCB-9AC1-4F3A-8B5C-C6B85C2FF1E1}.Release|x64.ActiveCfg = Release|x64
		{DDAC1DCB-9AC1-4F3A-8B5C-C6B85C2FF1E1}.Release|x64.Build.0 = Release|x64
		{DDAC1DCB-9AC1-4F3A-8B5C-C6B85C2FF1E1}.Release|x86.ActiveCfg = Release|Win32
		{DDAC1DCB-9AC1-4F3A-8B5C-C6B85C2FF1E1}.Release|x86.Build.0 = Release|Win32
	EndGlobalSection
	GlobalSection(SolutionProperties) = preSolution
		HideSolutionNode = FALSE
	EndGlobalSection
	GlobalSection(ExtensibilityGlobals) = postSolution
		SolutionGuid = {6166ECB7-955E-4626-B6B7-A5DC5695FF90}
	EndGlobalSection
EndGlobal
